// !$*UTF8*$!
{
	archiveVersion = 1;
	classes = {
	};
	objectVersion = 48;
	objects = {

/* Begin PBXBuildFile section */
		185737FE2022160E002FF654 /* AppDelegate.m in Sources */ = {isa = PBXBuildFile; fileRef = 185737FD2022160E002FF654 /* AppDelegate.m */; };
		185738012022160E002FF654 /* ViewController.m in Sources */ = {isa = PBXBuildFile; fileRef = 185738002022160E002FF654 /* ViewController.m */; };
		185738042022160E002FF654 /* Main.storyboard in Resources */ = {isa = PBXBuildFile; fileRef = 185738022022160E002FF654 /* Main.storyboard */; };
		185738062022160E002FF654 /* Assets.xcassets in Resources */ = {isa = PBXBuildFile; fileRef = 185738052022160E002FF654 /* Assets.xcassets */; };
		185738092022160E002FF654 /* main.m in Sources */ = {isa = PBXBuildFile; fileRef = 185738082022160E002FF654 /* main.m */; };
		185738132022160E002FF654 /* UI_Interface_constructionTests.m in Sources */ = {isa = PBXBuildFile; fileRef = 185738122022160E002FF654 /* UI_Interface_constructionTests.m */; };
		1857381E2022160E002FF654 /* UI_Interface_constructionUITests.m in Sources */ = {isa = PBXBuildFile; fileRef = 1857381D2022160E002FF654 /* UI_Interface_constructionUITests.m */; };
/* End PBXBuildFile section */

/* Begin PBXContainerItemProxy section */
		1857380F2022160E002FF654 /* PBXContainerItemProxy */ = {
			isa = PBXContainerItemProxy;
			containerPortal = 185737F12022160E002FF654 /* Project object */;
			proxyType = 1;
			remoteGlobalIDString = 185737F82022160E002FF654;
			remoteInfo = "UI Interface construction";
		};
		1857381A2022160E002FF654 /* PBXContainerItemProxy */ = {
			isa = PBXContainerItemProxy;
			containerPortal = 185737F12022160E002FF654 /* Project object */;
			proxyType = 1;
			remoteGlobalIDString = 185737F82022160E002FF654;
			remoteInfo = "UI Interface construction";
		};
/* End PBXContainerItemProxy section */

/* Begin PBXFileReference section */
		185737F92022160E002FF654 /* UI Interface construction.app */ = {isa = PBXFileReference; explicitFileType = wrapper.application; includeInIndex = 0; path = "UI Interface construction.app"; sourceTree = BUILT_PRODUCTS_DIR; };
		185737FC2022160E002FF654 /* AppDelegate.h */ = {isa = PBXFileReference; lastKnownFileType = sourcecode.c.h; path = AppDelegate.h; sourceTree = "<group>"; };
		185737FD2022160E002FF654 /* AppDelegate.m */ = {isa = PBXFileReference; lastKnownFileType = sourcecode.c.objc; path = AppDelegate.m; sourceTree = "<group>"; };
		185737FF2022160E002FF654 /* ViewController.h */ = {isa = PBXFileReference; lastKnownFileType = sourcecode.c.h; path = ViewController.h; sourceTree = "<group>"; };
		185738002022160E002FF654 /* ViewController.m */ = {isa = PBXFileReference; lastKnownFileType = sourcecode.c.objc; path = ViewController.m; sourceTree = "<group>"; };
		185738032022160E002FF654 /* Base */ = {isa = PBXFileReference; lastKnownFileType = file.storyboard; name = Base; path = Base.lproj/Main.storyboard; sourceTree = "<group>"; };
		185738052022160E002FF654 /* Assets.xcassets */ = {isa = PBXFileReference; lastKnownFileType = folder.assetcatalog; path = Assets.xcassets; sourceTree = "<group>"; };
		185738072022160E002FF654 /* Info.plist */ = {isa = PBXFileReference; lastKnownFileType = text.plist.xml; path = Info.plist; sourceTree = "<group>"; };
		185738082022160E002FF654 /* main.m */ = {isa = PBXFileReference; lastKnownFileType = sourcecode.c.objc; path = main.m; sourceTree = "<group>"; };
		1857380E2022160E002FF654 /* UI Interface constructionTests.xctest */ = {isa = PBXFileReference; explicitFileType = wrapper.cfbundle; includeInIndex = 0; path = "UI Interface constructionTests.xctest"; sourceTree = BUILT_PRODUCTS_DIR; };
		185738122022160E002FF654 /* UI_Interface_constructionTests.m */ = {isa = PBXFileReference; lastKnownFileType = sourcecode.c.objc; path = UI_Interface_constructionTests.m; sourceTree = "<group>"; };
		185738142022160E002FF654 /* Info.plist */ = {isa = PBXFileReference; lastKnownFileType = text.plist.xml; path = Info.plist; sourceTree = "<group>"; };
		185738192022160E002FF654 /* UI Interface constructionUITests.xctest */ = {isa = PBXFileReference; explicitFileType = wrapper.cfbundle; includeInIndex = 0; path = "UI Interface constructionUITests.xctest"; sourceTree = BUILT_PRODUCTS_DIR; };
		1857381D2022160E002FF654 /* UI_Interface_constructionUITests.m */ = {isa = PBXFileReference; lastKnownFileType = sourcecode.c.objc; path = UI_Interface_constructionUITests.m; sourceTree = "<group>"; };
		1857381F2022160E002FF654 /* Info.plist */ = {isa = PBXFileReference; lastKnownFileType = text.plist.xml; path = Info.plist; sourceTree = "<group>"; };
/* End PBXFileReference section */

/* Begin PBXFrameworksBuildPhase section */
		185737F62022160E002FF654 /* Frameworks */ = {
			isa = PBXFrameworksBuildPhase;
			buildActionMask = 2147483647;
			files = (
			);
			runOnlyForDeploymentPostprocessing = 0;
		};
		1857380B2022160E002FF654 /* Frameworks */ = {
			isa = PBXFrameworksBuildPhase;
			buildActionMask = 2147483647;
			files = (
			);
			runOnlyForDeploymentPostprocessing = 0;
		};
		185738162022160E002FF654 /* Frameworks */ = {
			isa = PBXFrameworksBuildPhase;
			buildActionMask = 2147483647;
			files = (
			);
			runOnlyForDeploymentPostprocessing = 0;
		};
/* End PBXFrameworksBuildPhase section */

/* Begin PBXGroup section */
		185737F02022160E002FF654 = {
			isa = PBXGroup;
			children = (
				185737FB2022160E002FF654 /* UI Interface construction */,
				185738112022160E002FF654 /* UI Interface constructionTests */,
				1857381C2022160E002FF654 /* UI Interface constructionUITests */,
				185737FA2022160E002FF654 /* Products */,
			);
			sourceTree = "<group>";
		};
		185737FA2022160E002FF654 /* Products */ = {
			isa = PBXGroup;
			children = (
				185737F92022160E002FF654 /* UI Interface construction.app */,
				1857380E2022160E002FF654 /* UI Interface constructionTests.xctest */,
				185738192022160E002FF654 /* UI Interface constructionUITests.xctest */,
			);
			name = Products;
			sourceTree = "<group>";
		};
		185737FB2022160E002FF654 /* UI Interface construction */ = {
			isa = PBXGroup;
			children = (
				185737FC2022160E002FF654 /* AppDelegate.h */,
				185737FD2022160E002FF654 /* AppDelegate.m */,
				185737FF2022160E002FF654 /* ViewController.h */,
				185738002022160E002FF654 /* ViewController.m */,
				185738022022160E002FF654 /* Main.storyboard */,
				185738052022160E002FF654 /* Assets.xcassets */,
				185738072022160E002FF654 /* Info.plist */,
				185738082022160E002FF654 /* main.m */,
			);
			path = "UI Interface construction";
			sourceTree = "<group>";
		};
		185738112022160E002FF654 /* UI Interface constructionTests */ = {
			isa = PBXGroup;
			children = (
				185738122022160E002FF654 /* UI_Interface_constructionTests.m */,
				185738142022160E002FF654 /* Info.plist */,
			);
			path = "UI Interface constructionTests";
			sourceTree = "<group>";
		};
		1857381C2022160E002FF654 /* UI Interface constructionUITests */ = {
			isa = PBXGroup;
			children = (
				1857381D2022160E002FF654 /* UI_Interface_constructionUITests.m */,
				1857381F2022160E002FF654 /* Info.plist */,
			);
			path = "UI Interface constructionUITests";
			sourceTree = "<group>";
		};
/* End PBXGroup section */

/* Begin PBXNativeTarget section */
		185737F82022160E002FF654 /* UI Interface construction */ = {
			isa = PBXNativeTarget;
			buildConfigurationList = 185738222022160E002FF654 /* Build configuration list for PBXNativeTarget "UI Interface construction" */;
			buildPhases = (
				185737F52022160E002FF654 /* Sources */,
				185737F62022160E002FF654 /* Frameworks */,
				185737F72022160E002FF654 /* Resources */,
			);
			buildRules = (
			);
			dependencies = (
			);
			name = "UI Interface construction";
			productName = "UI Interface construction";
			productReference = 185737F92022160E002FF654 /* UI Interface construction.app */;
			productType = "com.apple.product-type.application";
		};
		1857380D2022160E002FF654 /* UI Interface constructionTests */ = {
			isa = PBXNativeTarget;
			buildConfigurationList = 185738252022160E002FF654 /* Build configuration list for PBXNativeTarget "UI Interface constructionTests" */;
			buildPhases = (
				1857380A2022160E002FF654 /* Sources */,
				1857380B2022160E002FF654 /* Frameworks */,
				1857380C2022160E002FF654 /* Resources */,
			);
			buildRules = (
			);
			dependencies = (
				185738102022160E002FF654 /* PBXTargetDependency */,
			);
			name = "UI Interface constructionTests";
			productName = "UI Interface constructionTests";
			productReference = 1857380E2022160E002FF654 /* UI Interface constructionTests.xctest */;
			productType = "com.apple.product-type.bundle.unit-test";
		};
		185738182022160E002FF654 /* UI Interface constructionUITests */ = {
			isa = PBXNativeTarget;
			buildConfigurationList = 185738282022160E002FF654 /* Build configuration list for PBXNativeTarget "UI Interface constructionUITests" */;
			buildPhases = (
				185738152022160E002FF654 /* Sources */,
				185738162022160E002FF654 /* Frameworks */,
				185738172022160E002FF654 /* Resources */,
			);
			buildRules = (
			);
			dependencies = (
				1857381B2022160E002FF654 /* PBXTargetDependency */,
			);
			name = "UI Interface constructionUITests";
			productName = "UI Interface constructionUITests";
			productReference = 185738192022160E002FF654 /* UI Interface constructionUITests.xctest */;
			productType = "com.apple.product-type.bundle.ui-testing";
		};
/* End PBXNativeTarget section */

/* Begin PBXProject section */
		185737F12022160E002FF654 /* Project object */ = {
			isa = PBXProject;
			attributes = {
				LastUpgradeCheck = 0900;
				ORGANIZATIONNAME = YuNuo;
				TargetAttributes = {
					185737F82022160E002FF654 = {
						CreatedOnToolsVersion = 9.0;
						ProvisioningStyle = Automatic;
					};
					1857380D2022160E002FF654 = {
						CreatedOnToolsVersion = 9.0;
						ProvisioningStyle = Automatic;
						TestTargetID = 185737F82022160E002FF654;
					};
					185738182022160E002FF654 = {
						CreatedOnToolsVersion = 9.0;
						ProvisioningStyle = Automatic;
						TestTargetID = 185737F82022160E002FF654;
					};
				};
			};
			buildConfigurationList = 185737F42022160E002FF654 /* Build configuration list for PBXProject "UI Interface construction" */;
			compatibilityVersion = "Xcode 8.0";
			developmentRegion = en;
			hasScannedForEncodings = 0;
			knownRegions = (
				en,
				Base,
			);
			mainGroup = 185737F02022160E002FF654;
			productRefGroup = 185737FA2022160E002FF654 /* Products */;
			projectDirPath = "";
			projectRoot = "";
			targets = (
				185737F82022160E002FF654 /* UI Interface construction */,
				1857380D2022160E002FF654 /* UI Interface constructionTests */,
				185738182022160E002FF654 /* UI Interface constructionUITests */,
			);
		};
/* End PBXProject section */

/* Begin PBXResourcesBuildPhase section */
		185737F72022160E002FF654 /* Resources */ = {
			isa = PBXResourcesBuildPhase;
			buildActionMask = 2147483647;
			files = (
				185738062022160E002FF654 /* Assets.xcassets in Resources */,
				185738042022160E002FF654 /* Main.storyboard in Resources */,
			);
			runOnlyForDeploymentPostprocessing = 0;
		};
		1857380C2022160E002FF654 /* Resources */ = {
			isa = PBXResourcesBuildPhase;
			buildActionMask = 2147483647;
			files = (
			);
			runOnlyForDeploymentPostprocessing = 0;
		};
		185738172022160E002FF654 /* Resources */ = {
			isa = PBXResourcesBuildPhase;
			buildActionMask = 2147483647;
			files = (
			);
			runOnlyForDeploymentPostprocessing = 0;
		};
/* End PBXResourcesBuildPhase section */

/* Begin PBXSourcesBuildPhase section */
		185737F52022160E002FF654 /* Sources */ = {
			isa = PBXSourcesBuildPhase;
			buildActionMask = 2147483647;
			files = (
				185738012022160E002FF654 /* ViewController.m in Sources */,
				185738092022160E002FF654 /* main.m in Sources */,
				185737FE2022160E002FF654 /* AppDelegate.m in Sources */,
			);
			runOnlyForDeploymentPostprocessing = 0;
		};
		1857380A2022160E002FF654 /* Sources */ = {
			isa = PBXSourcesBuildPhase;
			buildActionMask = 2147483647;
			files = (
				185738132022160E002FF654 /* UI_Interface_constructionTests.m in Sources */,
			);
			runOnlyForDeploymentPostprocessing = 0;
		};
		185738152022160E002FF654 /* Sources */ = {
			isa = PBXSourcesBuildPhase;
			buildActionMask = 2147483647;
			files = (
				1857381E2022160E002FF654 /* UI_Interface_constructionUITests.m in Sources */,
			);
			runOnlyForDeploymentPostprocessing = 0;
		};
/* End PBXSourcesBuildPhase section */

/* Begin PBXTargetDependency section */
		185738102022160E002FF654 /* PBXTargetDependency */ = {
			isa = PBXTargetDependency;
			target = 185737F82022160E002FF654 /* UI Interface construction */;
			targetProxy = 1857380F2022160E002FF654 /* PBXContainerItemProxy */;
		};
		1857381B2022160E002FF654 /* PBXTargetDependency */ = {
			isa = PBXTargetDependency;
			target = 185737F82022160E002FF654 /* UI Interface construction */;
			targetProxy = 1857381A2022160E002FF654 /* PBXContainerItemProxy */;
		};
/* End PBXTargetDependency section */

/* Begin PBXVariantGroup section */
		185738022022160E002FF654 /* Main.storyboard */ = {
			isa = PBXVariantGroup;
			children = (
				185738032022160E002FF654 /* Base */,
			);
			name = Main.storyboard;
			sourceTree = "<group>";
		};
/* End PBXVariantGroup section */

/* Begin XCBuildConfiguration section */
		185738202022160E002FF654 /* Debug */ = {
			isa = XCBuildConfiguration;
			buildSettings = {
				ALWAYS_SEARCH_USER_PATHS = NO;
				CLANG_ANALYZER_NONNULL = YES;
				CLANG_ANALYZER_NUMBER_OBJECT_CONVERSION = YES_AGGRESSIVE;
				CLANG_CXX_LANGUAGE_STANDARD = "gnu++14";
				CLANG_CXX_LIBRARY = "libc++";
				CLANG_ENABLE_MODULES = YES;
				CLANG_ENABLE_OBJC_ARC = YES;
				CLANG_WARN_BLOCK_CAPTURE_AUTORELEASING = YES;
				CLANG_WARN_BOOL_CONVERSION = YES;
				CLANG_WARN_COMMA = YES;
				CLANG_WARN_CONSTANT_CONVERSION = YES;
				CLANG_WARN_DIRECT_OBJC_ISA_USAGE = YES_ERROR;
				CLANG_WARN_DOCUMENTATION_COMMENTS = YES;
				CLANG_WARN_EMPTY_BODY = YES;
				CLANG_WARN_ENUM_CONVERSION = YES;
				CLANG_WARN_INFINITE_RECURSION = YES;
				CLANG_WARN_INT_CONVERSION = YES;
				CLANG_WARN_NON_LITERAL_NULL_CONVERSION = YES;
				CLANG_WARN_OBJC_LITERAL_CONVERSION = YES;
				CLANG_WARN_OBJC_ROOT_CLASS = YES_ERROR;
				CLANG_WARN_RANGE_LOOP_ANALYSIS = YES;
				CLANG_WARN_STRICT_PROTOTYPES = YES;
				CLANG_WARN_SUSPICIOUS_MOVE = YES;
				CLANG_WARN_UNGUARDED_AVAILABILITY = YES_AGGRESSIVE;
				CLANG_WARN_UNREACHABLE_CODE = YES;
				CLANG_WARN__DUPLICATE_METHOD_MATCH = YES;
				COPY_PHASE_STRIP = NO;
				DEBUG_INFORMATION_FORMAT = dwarf;
				ENABLE_STRICT_OBJC_MSGSEND = YES;
				ENABLE_TESTABILITY = YES;
				GCC_C_LANGUAGE_STANDARD = gnu11;
				GCC_DYNAMIC_NO_PIC = NO;
				GCC_NO_COMMON_BLOCKS = YES;
				GCC_OPTIMIZATION_LEVEL = 0;
				GCC_PREPROCESSOR_DEFINITIONS = (
					"DEBUG=1",
					"$(inherited)",
				);
				GCC_WARN_64_TO_32_BIT_CONVERSION = YES;
				GCC_WARN_ABOUT_RETURN_TYPE = YES_ERROR;
				GCC_WARN_UNDECLARED_SELECTOR = YES;
				GCC_WARN_UNINITIALIZED_AUTOS = YES_AGGRESSIVE;
				GCC_WARN_UNUSED_FUNCTION = YES;
				GCC_WARN_UNUSED_VARIABLE = YES;
				MTL_ENABLE_DEBUG_INFO = YES;
				ONLY_ACTIVE_ARCH = YES;
				SDKROOT = appletvos;
				TVOS_DEPLOYMENT_TARGET = 11.0;
			};
			name = Debug;
		};
		185738212022160E002FF654 /* Release */ = {
			isa = XCBuildConfiguration;
			buildSettings = {
				ALWAYS_SEARCH_USER_PATHS = NO;
				CLANG_ANALYZER_NONNULL = YES;
				CLANG_ANALYZER_NUMBER_OBJECT_CONVERSION = YES_AGGRESSIVE;
				CLANG_CXX_LANGUAGE_STANDARD = "gnu++14";
				CLANG_CXX_LIBRARY = "libc++";
				CLANG_ENABLE_MODULES = YES;
				CLANG_ENABLE_OBJC_ARC = YES;
				CLANG_WARN_BLOCK_CAPTURE_AUTORELEASING = YES;
				CLANG_WARN_BOOL_CONVERSION = YES;
				CLANG_WARN_COMMA = YES;
				CLANG_WARN_CONSTANT_CONVERSION = YES;
				CLANG_WARN_DIRECT_OBJC_ISA_USAGE = YES_ERROR;
				CLANG_WARN_DOCUMENTATION_COMMENTS = YES;
				CLANG_WARN_EMPTY_BODY = YES;
				CLANG_WARN_ENUM_CONVERSION = YES;
				CLANG_WARN_INFINITE_RECURSION = YES;
				CLANG_WARN_INT_CONVERSION = YES;
				CLANG_WARN_NON_LITERAL_NULL_CONVERSION = YES;
				CLANG_WARN_OBJC_LITERAL_CONVERSION = YES;
				CLANG_WARN_OBJC_ROOT_CLASS = YES_ERROR;
				CLANG_WARN_RANGE_LOOP_ANALYSIS = YES;
				CLANG_WARN_STRICT_PROTOTYPES = YES;
				CLANG_WARN_SUSPICIOUS_MOVE = YES;
				CLANG_WARN_UNGUARDED_AVAILABILITY = YES_AGGRESSIVE;
				CLANG_WARN_UNREACHABLE_CODE = YES;
				CLANG_WARN__DUPLICATE_METHOD_MATCH = YES;
				COPY_PHASE_STRIP = NO;
				DEBUG_INFORMATION_FORMAT = "dwarf-with-dsym";
				ENABLE_NS_ASSERTIONS = NO;
				ENABLE_STRICT_OBJC_MSGSEND = YES;
				GCC_C_LANGUAGE_STANDARD = gnu11;
				GCC_NO_COMMON_BLOCKS = YES;
				GCC_WARN_64_TO_32_BIT_CONVERSION = YES;
				GCC_WARN_ABOUT_RETURN_TYPE = YES_ERROR;
				GCC_WARN_UNDECLARED_SELECTOR = YES;
				GCC_WARN_UNINITIALIZED_AUTOS = YES_AGGRESSIVE;
				GCC_WARN_UNUSED_FUNCTION = YES;
				GCC_WARN_UNUSED_VARIABLE = YES;
				MTL_ENABLE_DEBUG_INFO = NO;
				SDKROOT = appletvos;
				TVOS_DEPLOYMENT_TARGET = 11.0;
				VALIDATE_PRODUCT = YES;
			};
			name = Release;
		};
		185738232022160E002FF654 /* Debug */ = {
			isa = XCBuildConfiguration;
			buildSettings = {
				ASSETCATALOG_COMPILER_APPICON_NAME = "App Icon & Top Shelf Image";
				ASSETCATALOG_COMPILER_LAUNCHIMAGE_NAME = LaunchImage;
				CODE_SIGN_STYLE = Automatic;
				INFOPLIST_FILE = "UI Interface construction/Info.plist";
				LD_RUNPATH_SEARCH_PATHS = "$(inherited) @executable_path/Frameworks";
				PRODUCT_BUNDLE_IDENTIFIER = "YuNuo.UI-Interface-construction";
				PRODUCT_NAME = "$(TARGET_NAME)";
				TARGETED_DEVICE_FAMILY = 3;
			};
			name = Debug;
		};
		185738242022160E002FF654 /* Release */ = {
			isa = XCBuildConfiguration;
			buildSettings = {
				ASSETCATALOG_COMPILER_APPICON_NAME = "App Icon & Top Shelf Image";
				ASSETCATALOG_COMPILER_LAUNCHIMAGE_NAME = LaunchImage;
				CODE_SIGN_STYLE = Automatic;
				INFOPLIST_FILE = "UI Interface construction/Info.plist";
				LD_RUNPATH_SEARCH_PATHS = "$(inherited) @executable_path/Frameworks";
				PRODUCT_BUNDLE_IDENTIFIER = "YuNuo.UI-Interface-construction";
				PRODUCT_NAME = "$(TARGET_NAME)";
				TARGETED_DEVICE_FAMILY = 3;
			};
			name = Release;
		};
		185738262022160E002FF654 /* Debug */ = {
			isa = XCBuildConfiguration;
			buildSettings = {
				BUNDLE_LOADER = "$(TEST_HOST)";
				CODE_SIGN_STYLE = Automatic;
				INFOPLIST_FILE = "UI Interface constructionTests/Info.plist";
				LD_RUNPATH_SEARCH_PATHS = "$(inherited) @executable_path/Frameworks @loader_path/Frameworks";
				PRODUCT_BUNDLE_IDENTIFIER = "YuNuo.UI-Interface-constructionTests";
				PRODUCT_NAME = "$(TARGET_NAME)";
				TARGETED_DEVICE_FAMILY = 3;
				TEST_HOST = "$(BUILT_PRODUCTS_DIR)/UI Interface construction.app/UI Interface construction";
			};
			name = Debug;
		};
		185738272022160E002FF654 /* Release */ = {
			isa = XCBuildConfiguration;
			buildSettings = {
				BUNDLE_LOADER = "$(TEST_HOST)";
				CODE_SIGN_STYLE = Automatic;
				INFOPLIST_FILE = "UI Interface constructionTests/Info.plist";
				LD_RUNPATH_SEARCH_PATHS = "$(inherited) @executable_path/Frameworks @loader_path/Frameworks";
				PRODUCT_BUNDLE_IDENTIFIER = "YuNuo.UI-Interface-constructionTests";
				PRODUCT_NAME = "$(TARGET_NAME)";
				TARGETED_DEVICE_FAMILY = 3;
				TEST_HOST = "$(BUILT_PRODUCTS_DIR)/UI Interface construction.app/UI Interface construction";
			};
			name = Release;
		};
		185738292022160E002FF654 /* Debug */ = {
			isa = XCBuildConfiguration;
			buildSettings = {
				CODE_SIGN_STYLE = Automatic;
				INFOPLIST_FILE = "UI Interface constructionUITests/Info.plist";
				LD_RUNPATH_SEARCH_PATHS = "$(inherited) @executable_path/Frameworks @loader_path/Frameworks";
				PRODUCT_BUNDLE_IDENTIFIER = "YuNuo.UI-Interface-constructionUITests";
				PRODUCT_NAME = "$(TARGET_NAME)";
				TARGETED_DEVICE_FAMILY = 3;
				TEST_TARGET_NAME = "UI Interface construction";
			};
			name = Debug;
		};
		1857382A2022160E002FF654 /* Release */ = {
			isa = XCBuildConfiguration;
			buildSettings = {
				CODE_SIGN_STYLE = Automatic;
				INFOPLIST_FILE = "UI Interface constructionUITests/Info.plist";
				LD_RUNPATH_SEARCH_PATHS = "$(inherited) @executable_path/Frameworks @loader_path/Frameworks";
				PRODUCT_BUNDLE_IDENTIFIER = "YuNuo.UI-Interface-constructionUITests";
				PRODUCT_NAME = "$(TARGET_NAME)";
				TARGETED_DEVICE_FAMILY = 3;
				TEST_TARGET_NAME = "UI Interface construction";
			};
			name = Release;
		};
/* End XCBuildConfiguration section */

/* Begin XCConfigurationList section */
		185737F42022160E002FF654 /* Build configuration list for PBXProject "UI Interface construction" */ = {
			isa = XCConfigurationList;
			buildConfigurations = (
				185738202022160E002FF654 /* Debug */,
				185738212022160E002FF654 /* Release */,
			);
			defaultConfigurationIsVisible = 0;
			defaultConfigurationName = Release;
		};
		185738222022160E002FF654 /* Build configuration list for PBXNativeTarget "UI Interface construction" */ = {
			isa = XCConfigurationList;
			buildConfigurations = (
				185738232022160E002FF654 /* Debug */,
				185738242022160E002FF654 /* Release */,
			);
			defaultConfigurationIsVisible = 0;
			defaultConfigurationName = Release;
		};
		185738252022160E002FF654 /* Build configuration list for PBXNativeTarget "UI Interface constructionTests" */ = {
			isa = XCConfigurationList;
			buildConfigurations = (
				185738262022160E002FF654 /* Debug */,
				185738272022160E002FF654 /* Release */,
			);
			defaultConfigurationIsVisible = 0;
			defaultConfigurationName = Release;
		};
		185738282022160E002FF654 /* Build configuration list for PBXNativeTarget "UI Interface constructionUITests" */ = {
			isa = XCConfigurationList;
			buildConfigurations = (
				185738292022160E002FF654 /* Debug */,
				1857382A2022160E002FF654 /* Release */,
			);
			defaultConfigurationIsVisible = 0;
			defaultConfigurationName = Release;
		};
/* End XCConfigurationList section */
	};
	rootObject = 185737F12022160E002FF654 /* Project object */;
}
