// !$*UTF8*$!
{
	archiveVersion = 1;
	classes = {
	};
	objectVersion = 48;
	objects = {

/* Begin PBXBuildFile section */
		185FC8EB1FEE912D006620D4 /* main.m in Sources */ = {isa = PBXBuildFile; fileRef = 185FC8EA1FEE912D006620D4 /* main.m */; };
		185FC8F31FEE9251006620D4 /* Baby.m in Sources */ = {isa = PBXBuildFile; fileRef = 185FC8F21FEE9251006620D4 /* Baby.m */; };
		185FC8F61FEE9523006620D4 /* Nanny.m in Sources */ = {isa = PBXBuildFile; fileRef = 185FC8F51FEE9523006620D4 /* Nanny.m */; };
/* End PBXBuildFile section */

/* Begin PBXCopyFilesBuildPhase section */
		185FC8E51FEE912D006620D4 /* CopyFiles */ = {
			isa = PBXCopyFilesBuildPhase;
			buildActionMask = 2147483647;
			dstPath = /usr/share/man/man1/;
			dstSubfolderSpec = 0;
			files = (
			);
			runOnlyForDeploymentPostprocessing = 1;
		};
/* End PBXCopyFilesBuildPhase section */

/* Begin PBXFileReference section */
		185FC8E71FEE912D006620D4 /* Protocol agent */ = {isa = PBXFileReference; explicitFileType = "compiled.mach-o.executable"; includeInIndex = 0; path = "Protocol agent"; sourceTree = BUILT_PRODUCTS_DIR; };
		185FC8EA1FEE912D006620D4 /* main.m */ = {isa = PBXFileReference; lastKnownFileType = sourcecode.c.objc; path = main.m; sourceTree = "<group>"; };
		185FC8F11FEE9251006620D4 /* Baby.h */ = {isa = PBXFileReference; lastKnownFileType = sourcecode.c.h; path = Baby.h; sourceTree = "<group>"; };
		185FC8F21FEE9251006620D4 /* Baby.m */ = {isa = PBXFileReference; lastKnownFileType = sourcecode.c.objc; path = Baby.m; sourceTree = "<group>"; };
		185FC8F41FEE9523006620D4 /* Nanny.h */ = {isa = PBXFileReference; lastKnownFileType = sourcecode.c.h; path = Nanny.h; sourceTree = "<group>"; };
		185FC8F51FEE9523006620D4 /* Nanny.m */ = {isa = PBXFileReference; lastKnownFileType = sourcecode.c.objc; path = Nanny.m; sourceTree = "<group>"; };
		185FC8F71FEE9E07006620D4 /* Babyprotocol.h */ = {isa = PBXFileReference; lastKnownFileType = sourcecode.c.h; path = Babyprotocol.h; sourceTree = "<group>"; };
/* End PBXFileReference section */

/* Begin PBXFrameworksBuildPhase section */
		185FC8E41FEE912D006620D4 /* Frameworks */ = {
			isa = PBXFrameworksBuildPhase;
			buildActionMask = 2147483647;
			files = (
			);
			runOnlyForDeploymentPostprocessing = 0;
		};
/* End PBXFrameworksBuildPhase section */

/* Begin PBXGroup section */
		185FC8DE1FEE912D006620D4 = {
			isa = PBXGroup;
			children = (
				185FC8E91FEE912D006620D4 /* Protocol agent */,
				185FC8E81FEE912D006620D4 /* Products */,
			);
			sourceTree = "<group>";
		};
		185FC8E81FEE912D006620D4 /* Products */ = {
			isa = PBXGroup;
			children = (
				185FC8E71FEE912D006620D4 /* Protocol agent */,
			);
			name = Products;
			sourceTree = "<group>";
		};
		185FC8E91FEE912D006620D4 /* Protocol agent */ = {
			isa = PBXGroup;
			children = (
				185FC8EA1FEE912D006620D4 /* main.m */,
				185FC8F71FEE9E07006620D4 /* Babyprotocol.h */,
				185FC8F11FEE9251006620D4 /* Baby.h */,
				185FC8F21FEE9251006620D4 /* Baby.m */,
				185FC8F41FEE9523006620D4 /* Nanny.h */,
				185FC8F51FEE9523006620D4 /* Nanny.m */,
			);
			path = "Protocol agent";
			sourceTree = "<group>";
		};
/* End PBXGroup section */

/* Begin PBXNativeTarget section */
		185FC8E61FEE912D006620D4 /* Protocol agent */ = {
			isa = PBXNativeTarget;
			buildConfigurationList = 185FC8EE1FEE912D006620D4 /* Build configuration list for PBXNativeTarget "Protocol agent" */;
			buildPhases = (
				185FC8E31FEE912D006620D4 /* Sources */,
				185FC8E41FEE912D006620D4 /* Frameworks */,
				185FC8E51FEE912D006620D4 /* CopyFiles */,
			);
			buildRules = (
			);
			dependencies = (
			);
			name = "Protocol agent";
			productName = "Protocol agent";
			productReference = 185FC8E71FEE912D006620D4 /* Protocol agent */;
			productType = "com.apple.product-type.tool";
		};
/* End PBXNativeTarget section */

/* Begin PBXProject section */
		185FC8DF1FEE912D006620D4 /* Project object */ = {
			isa = PBXProject;
			attributes = {
				LastUpgradeCheck = 0900;
				ORGANIZATIONNAME = YuNuo;
				TargetAttributes = {
					185FC8E61FEE912D006620D4 = {
						CreatedOnToolsVersion = 9.0;
						ProvisioningStyle = Automatic;
					};
				};
			};
			buildConfigurationList = 185FC8E21FEE912D006620D4 /* Build configuration list for PBXProject "Protocol agent" */;
			compatibilityVersion = "Xcode 8.0";
			developmentRegion = en;
			hasScannedForEncodings = 0;
			knownRegions = (
				en,
			);
			mainGroup = 185FC8DE1FEE912D006620D4;
			productRefGroup = 185FC8E81FEE912D006620D4 /* Products */;
			projectDirPath = "";
			projectRoot = "";
			targets = (
				185FC8E61FEE912D006620D4 /* Protocol agent */,
			);
		};
/* End PBXProject section */

/* Begin PBXSourcesBuildPhase section */
		185FC8E31FEE912D006620D4 /* Sources */ = {
			isa = PBXSourcesBuildPhase;
			buildActionMask = 2147483647;
			files = (
				185FC8F61FEE9523006620D4 /* Nanny.m in Sources */,
				185FC8EB1FEE912D006620D4 /* main.m in Sources */,
				185FC8F31FEE9251006620D4 /* Baby.m in Sources */,
			);
			runOnlyForDeploymentPostprocessing = 0;
		};
/* End PBXSourcesBuildPhase section */

/* Begin XCBuildConfiguration section */
		185FC8EC1FEE912D006620D4 /* Debug */ = {
			isa = XCBuildConfiguration;
			buildSettings = {
				ALWAYS_SEARCH_USER_PATHS = NO;
				CLANG_ANALYZER_NONNULL = YES;
				CLANG_ANALYZER_NUMBER_OBJECT_CONVERSION = YES_AGGRESSIVE;
				CLANG_CXX_LANGUAGE_STANDARD = "gnu++14";
				CLANG_CXX_LIBRARY = "libc++";
				CLANG_ENABLE_MODULES = YES;
				CLANG_ENABLE_OBJC_ARC = YES;
				CLANG_WARN_BLOCK_CAPTURE_AUTORELEASING = YES;
				CLANG_WARN_BOOL_CONVERSION = YES;
				CLANG_WARN_COMMA = YES;
				CLANG_WARN_CONSTANT_CONVERSION = YES;
				CLANG_WARN_DIRECT_OBJC_ISA_USAGE = YES_ERROR;
				CLANG_WARN_DOCUMENTATION_COMMENTS = YES;
				CLANG_WARN_EMPTY_BODY = YES;
				CLANG_WARN_ENUM_CONVERSION = YES;
				CLANG_WARN_INFINITE_RECURSION = YES;
				CLANG_WARN_INT_CONVERSION = YES;
				CLANG_WARN_NON_LITERAL_NULL_CONVERSION = YES;
				CLANG_WARN_OBJC_LITERAL_CONVERSION = YES;
				CLANG_WARN_OBJC_ROOT_CLASS = YES_ERROR;
				CLANG_WARN_RANGE_LOOP_ANALYSIS = YES;
				CLANG_WARN_STRICT_PROTOTYPES = YES;
				CLANG_WARN_SUSPICIOUS_MOVE = YES;
				CLANG_WARN_UNGUARDED_AVAILABILITY = YES_AGGRESSIVE;
				CLANG_WARN_UNREACHABLE_CODE = YES;
				CLANG_WARN__DUPLICATE_METHOD_MATCH = YES;
				CODE_SIGN_IDENTITY = "-";
				COPY_PHASE_STRIP = NO;
				DEBUG_INFORMATION_FORMAT = dwarf;
				ENABLE_STRICT_OBJC_MSGSEND = YES;
				ENABLE_TESTABILITY = YES;
				GCC_C_LANGUAGE_STANDARD = gnu11;
				GCC_DYNAMIC_NO_PIC = NO;
				GCC_NO_COMMON_BLOCKS = YES;
				GCC_OPTIMIZATION_LEVEL = 0;
				GCC_PREPROCESSOR_DEFINITIONS = (
					"DEBUG=1",
					"$(inherited)",
				);
				GCC_WARN_64_TO_32_BIT_CONVERSION = YES;
				GCC_WARN_ABOUT_RETURN_TYPE = YES_ERROR;
				GCC_WARN_UNDECLARED_SELECTOR = YES;
				GCC_WARN_UNINITIALIZED_AUTOS = YES_AGGRESSIVE;
				GCC_WARN_UNUSED_FUNCTION = YES;
				GCC_WARN_UNUSED_VARIABLE = YES;
				MACOSX_DEPLOYMENT_TARGET = 10.13;
				MTL_ENABLE_DEBUG_INFO = YES;
				ONLY_ACTIVE_ARCH = YES;
				SDKROOT = macosx;
			};
			name = Debug;
		};
		185FC8ED1FEE912D006620D4 /* Release */ = {
			isa = XCBuildConfiguration;
			buildSettings = {
				ALWAYS_SEARCH_USER_PATHS = NO;
				CLANG_ANALYZER_NONNULL = YES;
				CLANG_ANALYZER_NUMBER_OBJECT_CONVERSION = YES_AGGRESSIVE;
				CLANG_CXX_LANGUAGE_STANDARD = "gnu++14";
				CLANG_CXX_LIBRARY = "libc++";
				CLANG_ENABLE_MODULES = YES;
				CLANG_ENABLE_OBJC_ARC = YES;
				CLANG_WARN_BLOCK_CAPTURE_AUTORELEASING = YES;
				CLANG_WARN_BOOL_CONVERSION = YES;
				CLANG_WARN_COMMA = YES;
				CLANG_WARN_CONSTANT_CONVERSION = YES;
				CLANG_WARN_DIRECT_OBJC_ISA_USAGE = YES_ERROR;
				CLANG_WARN_DOCUMENTATION_COMMENTS = YES;
				CLANG_WARN_EMPTY_BODY = YES;
				CLANG_WARN_ENUM_CONVERSION = YES;
				CLANG_WARN_INFINITE_RECURSION = YES;
				CLANG_WARN_INT_CONVERSION = YES;
				CLANG_WARN_NON_LITERAL_NULL_CONVERSION = YES;
				CLANG_WARN_OBJC_LITERAL_CONVERSION = YES;
				CLANG_WARN_OBJC_ROOT_CLASS = YES_ERROR;
				CLANG_WARN_RANGE_LOOP_ANALYSIS = YES;
				CLANG_WARN_STRICT_PROTOTYPES = YES;
				CLANG_WARN_SUSPICIOUS_MOVE = YES;
				CLANG_WARN_UNGUARDED_AVAILABILITY = YES_AGGRESSIVE;
				CLANG_WARN_UNREACHABLE_CODE = YES;
				CLANG_WARN__DUPLICATE_METHOD_MATCH = YES;
				CODE_SIGN_IDENTITY = "-";
				COPY_PHASE_STRIP = NO;
				DEBUG_INFORMATION_FORMAT = "dwarf-with-dsym";
				ENABLE_NS_ASSERTIONS = NO;
				ENABLE_STRICT_OBJC_MSGSEND = YES;
				GCC_C_LANGUAGE_STANDARD = gnu11;
				GCC_NO_COMMON_BLOCKS = YES;
				GCC_WARN_64_TO_32_BIT_CONVERSION = YES;
				GCC_WARN_ABOUT_RETURN_TYPE = YES_ERROR;
				GCC_WARN_UNDECLARED_SELECTOR = YES;
				GCC_WARN_UNINITIALIZED_AUTOS = YES_AGGRESSIVE;
				GCC_WARN_UNUSED_FUNCTION = YES;
				GCC_WARN_UNUSED_VARIABLE = YES;
				MACOSX_DEPLOYMENT_TARGET = 10.13;
				MTL_ENABLE_DEBUG_INFO = NO;
				SDKROOT = macosx;
			};
			name = Release;
		};
		185FC8EF1FEE912D006620D4 /* Debug */ = {
			isa = XCBuildConfiguration;
			buildSettings = {
				CODE_SIGN_STYLE = Automatic;
				PRODUCT_NAME = "$(TARGET_NAME)";
			};
			name = Debug;
		};
		185FC8F01FEE912D006620D4 /* Release */ = {
			isa = XCBuildConfiguration;
			buildSettings = {
				CODE_SIGN_STYLE = Automatic;
				PRODUCT_NAME = "$(TARGET_NAME)";
			};
			name = Release;
		};
/* End XCBuildConfiguration section */

/* Begin XCConfigurationList section */
		185FC8E21FEE912D006620D4 /* Build configuration list for PBXProject "Protocol agent" */ = {
			isa = XCConfigurationList;
			buildConfigurations = (
				185FC8EC1FEE912D006620D4 /* Debug */,
				185FC8ED1FEE912D006620D4 /* Release */,
			);
			defaultConfigurationIsVisible = 0;
			defaultConfigurationName = Release;
		};
		185FC8EE1FEE912D006620D4 /* Build configuration list for PBXNativeTarget "Protocol agent" */ = {
			isa = XCConfigurationList;
			buildConfigurations = (
				185FC8EF1FEE912D006620D4 /* Debug */,
				185FC8F01FEE912D006620D4 /* Release */,
			);
			defaultConfigurationIsVisible = 0;
			defaultConfigurationName = Release;
		};
/* End XCConfigurationList section */
	};
	rootObject = 185FC8DF1FEE912D006620D4 /* Project object */;
}
