// !$*UTF8*$!
{
	archiveVersion = 1;
	classes = {
	};
	objectVersion = 48;
	objects = {

/* Begin PBXBuildFile section */
		188EC74D20663E5100A7FB3B /* AppDelegate.m in Sources */ = {isa = PBXBuildFile; fileRef = 188EC74C20663E5100A7FB3B /* AppDelegate.m */; };
		188EC75020663E5100A7FB3B /* ViewController.m in Sources */ = {isa = PBXBuildFile; fileRef = 188EC74F20663E5100A7FB3B /* ViewController.m */; };
		188EC75320663E5100A7FB3B /* Main.storyboard in Resources */ = {isa = PBXBuildFile; fileRef = 188EC75120663E5100A7FB3B /* Main.storyboard */; };
		188EC75520663E5100A7FB3B /* Assets.xcassets in Resources */ = {isa = PBXBuildFile; fileRef = 188EC75420663E5100A7FB3B /* Assets.xcassets */; };
		188EC75820663E5100A7FB3B /* LaunchScreen.storyboard in Resources */ = {isa = PBXBuildFile; fileRef = 188EC75620663E5100A7FB3B /* LaunchScreen.storyboard */; };
		188EC75B20663E5100A7FB3B /* main.m in Sources */ = {isa = PBXBuildFile; fileRef = 188EC75A20663E5100A7FB3B /* main.m */; };
		188EC76520663E5200A7FB3B /* DispatchTests.m in Sources */ = {isa = PBXBuildFile; fileRef = 188EC76420663E5200A7FB3B /* DispatchTests.m */; };
		188EC77020663E5200A7FB3B /* DispatchUITests.m in Sources */ = {isa = PBXBuildFile; fileRef = 188EC76F20663E5200A7FB3B /* DispatchUITests.m */; };
/* End PBXBuildFile section */

/* Begin PBXContainerItemProxy section */
		188EC76120663E5200A7FB3B /* PBXContainerItemProxy */ = {
			isa = PBXContainerItemProxy;
			containerPortal = 188EC74020663E5100A7FB3B /* Project object */;
			proxyType = 1;
			remoteGlobalIDString = 188EC74720663E5100A7FB3B;
			remoteInfo = Dispatch;
		};
		188EC76C20663E5200A7FB3B /* PBXContainerItemProxy */ = {
			isa = PBXContainerItemProxy;
			containerPortal = 188EC74020663E5100A7FB3B /* Project object */;
			proxyType = 1;
			remoteGlobalIDString = 188EC74720663E5100A7FB3B;
			remoteInfo = Dispatch;
		};
/* End PBXContainerItemProxy section */

/* Begin PBXFileReference section */
		188EC74820663E5100A7FB3B /* Dispatch.app */ = {isa = PBXFileReference; explicitFileType = wrapper.application; includeInIndex = 0; path = Dispatch.app; sourceTree = BUILT_PRODUCTS_DIR; };
		188EC74B20663E5100A7FB3B /* AppDelegate.h */ = {isa = PBXFileReference; lastKnownFileType = sourcecode.c.h; path = AppDelegate.h; sourceTree = "<group>"; };
		188EC74C20663E5100A7FB3B /* AppDelegate.m */ = {isa = PBXFileReference; lastKnownFileType = sourcecode.c.objc; path = AppDelegate.m; sourceTree = "<group>"; };
		188EC74E20663E5100A7FB3B /* ViewController.h */ = {isa = PBXFileReference; lastKnownFileType = sourcecode.c.h; path = ViewController.h; sourceTree = "<group>"; };
		188EC74F20663E5100A7FB3B /* ViewController.m */ = {isa = PBXFileReference; lastKnownFileType = sourcecode.c.objc; path = ViewController.m; sourceTree = "<group>"; };
		188EC75220663E5100A7FB3B /* Base */ = {isa = PBXFileReference; lastKnownFileType = file.storyboard; name = Base; path = Base.lproj/Main.storyboard; sourceTree = "<group>"; };
		188EC75420663E5100A7FB3B /* Assets.xcassets */ = {isa = PBXFileReference; lastKnownFileType = folder.assetcatalog; path = Assets.xcassets; sourceTree = "<group>"; };
		188EC75720663E5100A7FB3B /* Base */ = {isa = PBXFileReference; lastKnownFileType = file.storyboard; name = Base; path = Base.lproj/LaunchScreen.storyboard; sourceTree = "<group>"; };
		188EC75920663E5100A7FB3B /* Info.plist */ = {isa = PBXFileReference; lastKnownFileType = text.plist.xml; path = Info.plist; sourceTree = "<group>"; };
		188EC75A20663E5100A7FB3B /* main.m */ = {isa = PBXFileReference; lastKnownFileType = sourcecode.c.objc; path = main.m; sourceTree = "<group>"; };
		188EC76020663E5100A7FB3B /* DispatchTests.xctest */ = {isa = PBXFileReference; explicitFileType = wrapper.cfbundle; includeInIndex = 0; path = DispatchTests.xctest; sourceTree = BUILT_PRODUCTS_DIR; };
		188EC76420663E5200A7FB3B /* DispatchTests.m */ = {isa = PBXFileReference; lastKnownFileType = sourcecode.c.objc; path = DispatchTests.m; sourceTree = "<group>"; };
		188EC76620663E5200A7FB3B /* Info.plist */ = {isa = PBXFileReference; lastKnownFileType = text.plist.xml; path = Info.plist; sourceTree = "<group>"; };
		188EC76B20663E5200A7FB3B /* DispatchUITests.xctest */ = {isa = PBXFileReference; explicitFileType = wrapper.cfbundle; includeInIndex = 0; path = DispatchUITests.xctest; sourceTree = BUILT_PRODUCTS_DIR; };
		188EC76F20663E5200A7FB3B /* DispatchUITests.m */ = {isa = PBXFileReference; lastKnownFileType = sourcecode.c.objc; path = DispatchUITests.m; sourceTree = "<group>"; };
		188EC77120663E5200A7FB3B /* Info.plist */ = {isa = PBXFileReference; lastKnownFileType = text.plist.xml; path = Info.plist; sourceTree = "<group>"; };
/* End PBXFileReference section */

/* Begin PBXFrameworksBuildPhase section */
		188EC74520663E5100A7FB3B /* Frameworks */ = {
			isa = PBXFrameworksBuildPhase;
			buildActionMask = 2147483647;
			files = (
			);
			runOnlyForDeploymentPostprocessing = 0;
		};
		188EC75D20663E5100A7FB3B /* Frameworks */ = {
			isa = PBXFrameworksBuildPhase;
			buildActionMask = 2147483647;
			files = (
			);
			runOnlyForDeploymentPostprocessing = 0;
		};
		188EC76820663E5200A7FB3B /* Frameworks */ = {
			isa = PBXFrameworksBuildPhase;
			buildActionMask = 2147483647;
			files = (
			);
			runOnlyForDeploymentPostprocessing = 0;
		};
/* End PBXFrameworksBuildPhase section */

/* Begin PBXGroup section */
		188EC73F20663E5100A7FB3B = {
			isa = PBXGroup;
			children = (
				188EC74A20663E5100A7FB3B /* Dispatch */,
				188EC76320663E5200A7FB3B /* DispatchTests */,
				188EC76E20663E5200A7FB3B /* DispatchUITests */,
				188EC74920663E5100A7FB3B /* Products */,
			);
			sourceTree = "<group>";
		};
		188EC74920663E5100A7FB3B /* Products */ = {
			isa = PBXGroup;
			children = (
				188EC74820663E5100A7FB3B /* Dispatch.app */,
				188EC76020663E5100A7FB3B /* DispatchTests.xctest */,
				188EC76B20663E5200A7FB3B /* DispatchUITests.xctest */,
			);
			name = Products;
			sourceTree = "<group>";
		};
		188EC74A20663E5100A7FB3B /* Dispatch */ = {
			isa = PBXGroup;
			children = (
				188EC74B20663E5100A7FB3B /* AppDelegate.h */,
				188EC74C20663E5100A7FB3B /* AppDelegate.m */,
				188EC74E20663E5100A7FB3B /* ViewController.h */,
				188EC74F20663E5100A7FB3B /* ViewController.m */,
				188EC75120663E5100A7FB3B /* Main.storyboard */,
				188EC75420663E5100A7FB3B /* Assets.xcassets */,
				188EC75620663E5100A7FB3B /* LaunchScreen.storyboard */,
				188EC75920663E5100A7FB3B /* Info.plist */,
				188EC75A20663E5100A7FB3B /* main.m */,
			);
			path = Dispatch;
			sourceTree = "<group>";
		};
		188EC76320663E5200A7FB3B /* DispatchTests */ = {
			isa = PBXGroup;
			children = (
				188EC76420663E5200A7FB3B /* DispatchTests.m */,
				188EC76620663E5200A7FB3B /* Info.plist */,
			);
			path = DispatchTests;
			sourceTree = "<group>";
		};
		188EC76E20663E5200A7FB3B /* DispatchUITests */ = {
			isa = PBXGroup;
			children = (
				188EC76F20663E5200A7FB3B /* DispatchUITests.m */,
				188EC77120663E5200A7FB3B /* Info.plist */,
			);
			path = DispatchUITests;
			sourceTree = "<group>";
		};
/* End PBXGroup section */

/* Begin PBXNativeTarget section */
		188EC74720663E5100A7FB3B /* Dispatch */ = {
			isa = PBXNativeTarget;
			buildConfigurationList = 188EC77420663E5200A7FB3B /* Build configuration list for PBXNativeTarget "Dispatch" */;
			buildPhases = (
				188EC74420663E5100A7FB3B /* Sources */,
				188EC74520663E5100A7FB3B /* Frameworks */,
				188EC74620663E5100A7FB3B /* Resources */,
			);
			buildRules = (
			);
			dependencies = (
			);
			name = Dispatch;
			productName = Dispatch;
			productReference = 188EC74820663E5100A7FB3B /* Dispatch.app */;
			productType = "com.apple.product-type.application";
		};
		188EC75F20663E5100A7FB3B /* DispatchTests */ = {
			isa = PBXNativeTarget;
			buildConfigurationList = 188EC77720663E5200A7FB3B /* Build configuration list for PBXNativeTarget "DispatchTests" */;
			buildPhases = (
				188EC75C20663E5100A7FB3B /* Sources */,
				188EC75D20663E5100A7FB3B /* Frameworks */,
				188EC75E20663E5100A7FB3B /* Resources */,
			);
			buildRules = (
			);
			dependencies = (
				188EC76220663E5200A7FB3B /* PBXTargetDependency */,
			);
			name = DispatchTests;
			productName = DispatchTests;
			productReference = 188EC76020663E5100A7FB3B /* DispatchTests.xctest */;
			productType = "com.apple.product-type.bundle.unit-test";
		};
		188EC76A20663E5200A7FB3B /* DispatchUITests */ = {
			isa = PBXNativeTarget;
			buildConfigurationList = 188EC77A20663E5200A7FB3B /* Build configuration list for PBXNativeTarget "DispatchUITests" */;
			buildPhases = (
				188EC76720663E5200A7FB3B /* Sources */,
				188EC76820663E5200A7FB3B /* Frameworks */,
				188EC76920663E5200A7FB3B /* Resources */,
			);
			buildRules = (
			);
			dependencies = (
				188EC76D20663E5200A7FB3B /* PBXTargetDependency */,
			);
			name = DispatchUITests;
			productName = DispatchUITests;
			productReference = 188EC76B20663E5200A7FB3B /* DispatchUITests.xctest */;
			productType = "com.apple.product-type.bundle.ui-testing";
		};
/* End PBXNativeTarget section */

/* Begin PBXProject section */
		188EC74020663E5100A7FB3B /* Project object */ = {
			isa = PBXProject;
			attributes = {
				LastUpgradeCheck = 0900;
				ORGANIZATIONNAME = YuNuo;
				TargetAttributes = {
					188EC74720663E5100A7FB3B = {
						CreatedOnToolsVersion = 9.0;
						ProvisioningStyle = Automatic;
					};
					188EC75F20663E5100A7FB3B = {
						CreatedOnToolsVersion = 9.0;
						ProvisioningStyle = Automatic;
						TestTargetID = 188EC74720663E5100A7FB3B;
					};
					188EC76A20663E5200A7FB3B = {
						CreatedOnToolsVersion = 9.0;
						ProvisioningStyle = Automatic;
						TestTargetID = 188EC74720663E5100A7FB3B;
					};
				};
			};
			buildConfigurationList = 188EC74320663E5100A7FB3B /* Build configuration list for PBXProject "Dispatch" */;
			compatibilityVersion = "Xcode 8.0";
			developmentRegion = en;
			hasScannedForEncodings = 0;
			knownRegions = (
				en,
				Base,
			);
			mainGroup = 188EC73F20663E5100A7FB3B;
			productRefGroup = 188EC74920663E5100A7FB3B /* Products */;
			projectDirPath = "";
			projectRoot = "";
			targets = (
				188EC74720663E5100A7FB3B /* Dispatch */,
				188EC75F20663E5100A7FB3B /* DispatchTests */,
				188EC76A20663E5200A7FB3B /* DispatchUITests */,
			);
		};
/* End PBXProject section */

/* Begin PBXResourcesBuildPhase section */
		188EC74620663E5100A7FB3B /* Resources */ = {
			isa = PBXResourcesBuildPhase;
			buildActionMask = 2147483647;
			files = (
				188EC75820663E5100A7FB3B /* LaunchScreen.storyboard in Resources */,
				188EC75520663E5100A7FB3B /* Assets.xcassets in Resources */,
				188EC75320663E5100A7FB3B /* Main.storyboard in Resources */,
			);
			runOnlyForDeploymentPostprocessing = 0;
		};
		188EC75E20663E5100A7FB3B /* Resources */ = {
			isa = PBXResourcesBuildPhase;
			buildActionMask = 2147483647;
			files = (
			);
			runOnlyForDeploymentPostprocessing = 0;
		};
		188EC76920663E5200A7FB3B /* Resources */ = {
			isa = PBXResourcesBuildPhase;
			buildActionMask = 2147483647;
			files = (
			);
			runOnlyForDeploymentPostprocessing = 0;
		};
/* End PBXResourcesBuildPhase section */

/* Begin PBXSourcesBuildPhase section */
		188EC74420663E5100A7FB3B /* Sources */ = {
			isa = PBXSourcesBuildPhase;
			buildActionMask = 2147483647;
			files = (
				188EC75020663E5100A7FB3B /* ViewController.m in Sources */,
				188EC75B20663E5100A7FB3B /* main.m in Sources */,
				188EC74D20663E5100A7FB3B /* AppDelegate.m in Sources */,
			);
			runOnlyForDeploymentPostprocessing = 0;
		};
		188EC75C20663E5100A7FB3B /* Sources */ = {
			isa = PBXSourcesBuildPhase;
			buildActionMask = 2147483647;
			files = (
				188EC76520663E5200A7FB3B /* DispatchTests.m in Sources */,
			);
			runOnlyForDeploymentPostprocessing = 0;
		};
		188EC76720663E5200A7FB3B /* Sources */ = {
			isa = PBXSourcesBuildPhase;
			buildActionMask = 2147483647;
			files = (
				188EC77020663E5200A7FB3B /* DispatchUITests.m in Sources */,
			);
			runOnlyForDeploymentPostprocessing = 0;
		};
/* End PBXSourcesBuildPhase section */

/* Begin PBXTargetDependency section */
		188EC76220663E5200A7FB3B /* PBXTargetDependency */ = {
			isa = PBXTargetDependency;
			target = 188EC74720663E5100A7FB3B /* Dispatch */;
			targetProxy = 188EC76120663E5200A7FB3B /* PBXContainerItemProxy */;
		};
		188EC76D20663E5200A7FB3B /* PBXTargetDependency */ = {
			isa = PBXTargetDependency;
			target = 188EC74720663E5100A7FB3B /* Dispatch */;
			targetProxy = 188EC76C20663E5200A7FB3B /* PBXContainerItemProxy */;
		};
/* End PBXTargetDependency section */

/* Begin PBXVariantGroup section */
		188EC75120663E5100A7FB3B /* Main.storyboard */ = {
			isa = PBXVariantGroup;
			children = (
				188EC75220663E5100A7FB3B /* Base */,
			);
			name = Main.storyboard;
			sourceTree = "<group>";
		};
		188EC75620663E5100A7FB3B /* LaunchScreen.storyboard */ = {
			isa = PBXVariantGroup;
			children = (
				188EC75720663E5100A7FB3B /* Base */,
			);
			name = LaunchScreen.storyboard;
			sourceTree = "<group>";
		};
/* End PBXVariantGroup section */

/* Begin XCBuildConfiguration section */
		188EC77220663E5200A7FB3B /* Debug */ = {
			isa = XCBuildConfiguration;
			buildSettings = {
				ALWAYS_SEARCH_USER_PATHS = NO;
				CLANG_ANALYZER_NONNULL = YES;
				CLANG_ANALYZER_NUMBER_OBJECT_CONVERSION = YES_AGGRESSIVE;
				CLANG_CXX_LANGUAGE_STANDARD = "gnu++14";
				CLANG_CXX_LIBRARY = "libc++";
				CLANG_ENABLE_MODULES = YES;
				CLANG_ENABLE_OBJC_ARC = YES;
				CLANG_WARN_BLOCK_CAPTURE_AUTORELEASING = YES;
				CLANG_WARN_BOOL_CONVERSION = YES;
				CLANG_WARN_COMMA = YES;
				CLANG_WARN_CONSTANT_CONVERSION = YES;
				CLANG_WARN_DIRECT_OBJC_ISA_USAGE = YES_ERROR;
				CLANG_WARN_DOCUMENTATION_COMMENTS = YES;
				CLANG_WARN_EMPTY_BODY = YES;
				CLANG_WARN_ENUM_CONVERSION = YES;
				CLANG_WARN_INFINITE_RECURSION = YES;
				CLANG_WARN_INT_CONVERSION = YES;
				CLANG_WARN_NON_LITERAL_NULL_CONVERSION = YES;
				CLANG_WARN_OBJC_LITERAL_CONVERSION = YES;
				CLANG_WARN_OBJC_ROOT_CLASS = YES_ERROR;
				CLANG_WARN_RANGE_LOOP_ANALYSIS = YES;
				CLANG_WARN_STRICT_PROTOTYPES = YES;
				CLANG_WARN_SUSPICIOUS_MOVE = YES;
				CLANG_WARN_UNGUARDED_AVAILABILITY = YES_AGGRESSIVE;
				CLANG_WARN_UNREACHABLE_CODE = YES;
				CLANG_WARN__DUPLICATE_METHOD_MATCH = YES;
				CODE_SIGN_IDENTITY = "iPhone Developer";
				COPY_PHASE_STRIP = NO;
				DEBUG_INFORMATION_FORMAT = dwarf;
				ENABLE_STRICT_OBJC_MSGSEND = YES;
				ENABLE_TESTABILITY = YES;
				GCC_C_LANGUAGE_STANDARD = gnu11;
				GCC_DYNAMIC_NO_PIC = NO;
				GCC_NO_COMMON_BLOCKS = YES;
				GCC_OPTIMIZATION_LEVEL = 0;
				GCC_PREPROCESSOR_DEFINITIONS = (
					"DEBUG=1",
					"$(inherited)",
				);
				GCC_WARN_64_TO_32_BIT_CONVERSION = YES;
				GCC_WARN_ABOUT_RETURN_TYPE = YES_ERROR;
				GCC_WARN_UNDECLARED_SELECTOR = YES;
				GCC_WARN_UNINITIALIZED_AUTOS = YES_AGGRESSIVE;
				GCC_WARN_UNUSED_FUNCTION = YES;
				GCC_WARN_UNUSED_VARIABLE = YES;
				IPHONEOS_DEPLOYMENT_TARGET = 11.0;
				MTL_ENABLE_DEBUG_INFO = YES;
				ONLY_ACTIVE_ARCH = YES;
				SDKROOT = iphoneos;
			};
			name = Debug;
		};
		188EC77320663E5200A7FB3B /* Release */ = {
			isa = XCBuildConfiguration;
			buildSettings = {
				ALWAYS_SEARCH_USER_PATHS = NO;
				CLANG_ANALYZER_NONNULL = YES;
				CLANG_ANALYZER_NUMBER_OBJECT_CONVERSION = YES_AGGRESSIVE;
				CLANG_CXX_LANGUAGE_STANDARD = "gnu++14";
				CLANG_CXX_LIBRARY = "libc++";
				CLANG_ENABLE_MODULES = YES;
				CLANG_ENABLE_OBJC_ARC = YES;
				CLANG_WARN_BLOCK_CAPTURE_AUTORELEASING = YES;
				CLANG_WARN_BOOL_CONVERSION = YES;
				CLANG_WARN_COMMA = YES;
				CLANG_WARN_CONSTANT_CONVERSION = YES;
				CLANG_WARN_DIRECT_OBJC_ISA_USAGE = YES_ERROR;
				CLANG_WARN_DOCUMENTATION_COMMENTS = YES;
				CLANG_WARN_EMPTY_BODY = YES;
				CLANG_WARN_ENUM_CONVERSION = YES;
				CLANG_WARN_INFINITE_RECURSION = YES;
				CLANG_WARN_INT_CONVERSION = YES;
				CLANG_WARN_NON_LITERAL_NULL_CONVERSION = YES;
				CLANG_WARN_OBJC_LITERAL_CONVERSION = YES;
				CLANG_WARN_OBJC_ROOT_CLASS = YES_ERROR;
				CLANG_WARN_RANGE_LOOP_ANALYSIS = YES;
				CLANG_WARN_STRICT_PROTOTYPES = YES;
				CLANG_WARN_SUSPICIOUS_MOVE = YES;
				CLANG_WARN_UNGUARDED_AVAILABILITY = YES_AGGRESSIVE;
				CLANG_WARN_UNREACHABLE_CODE = YES;
				CLANG_WARN__DUPLICATE_METHOD_MATCH = YES;
				CODE_SIGN_IDENTITY = "iPhone Developer";
				COPY_PHASE_STRIP = NO;
				DEBUG_INFORMATION_FORMAT = "dwarf-with-dsym";
				ENABLE_NS_ASSERTIONS = NO;
				ENABLE_STRICT_OBJC_MSGSEND = YES;
				GCC_C_LANGUAGE_STANDARD = gnu11;
				GCC_NO_COMMON_BLOCKS = YES;
				GCC_WARN_64_TO_32_BIT_CONVERSION = YES;
				GCC_WARN_ABOUT_RETURN_TYPE = YES_ERROR;
				GCC_WARN_UNDECLARED_SELECTOR = YES;
				GCC_WARN_UNINITIALIZED_AUTOS = YES_AGGRESSIVE;
				GCC_WARN_UNUSED_FUNCTION = YES;
				GCC_WARN_UNUSED_VARIABLE = YES;
				IPHONEOS_DEPLOYMENT_TARGET = 11.0;
				MTL_ENABLE_DEBUG_INFO = NO;
				SDKROOT = iphoneos;
				VALIDATE_PRODUCT = YES;
			};
			name = Release;
		};
		188EC77520663E5200A7FB3B /* Debug */ = {
			isa = XCBuildConfiguration;
			buildSettings = {
				ASSETCATALOG_COMPILER_APPICON_NAME = AppIcon;
				CODE_SIGN_STYLE = Automatic;
				INFOPLIST_FILE = Dispatch/Info.plist;
				LD_RUNPATH_SEARCH_PATHS = "$(inherited) @executable_path/Frameworks";
				PRODUCT_BUNDLE_IDENTIFIER = YuNuo.Dispatch;
				PRODUCT_NAME = "$(TARGET_NAME)";
				TARGETED_DEVICE_FAMILY = "1,2";
			};
			name = Debug;
		};
		188EC77620663E5200A7FB3B /* Release */ = {
			isa = XCBuildConfiguration;
			buildSettings = {
				ASSETCATALOG_COMPILER_APPICON_NAME = AppIcon;
				CODE_SIGN_STYLE = Automatic;
				INFOPLIST_FILE = Dispatch/Info.plist;
				LD_RUNPATH_SEARCH_PATHS = "$(inherited) @executable_path/Frameworks";
				PRODUCT_BUNDLE_IDENTIFIER = YuNuo.Dispatch;
				PRODUCT_NAME = "$(TARGET_NAME)";
				TARGETED_DEVICE_FAMILY = "1,2";
			};
			name = Release;
		};
		188EC77820663E5200A7FB3B /* Debug */ = {
			isa = XCBuildConfiguration;
			buildSettings = {
				BUNDLE_LOADER = "$(TEST_HOST)";
				CODE_SIGN_STYLE = Automatic;
				INFOPLIST_FILE = DispatchTests/Info.plist;
				LD_RUNPATH_SEARCH_PATHS = "$(inherited) @executable_path/Frameworks @loader_path/Frameworks";
				PRODUCT_BUNDLE_IDENTIFIER = YuNuo.DispatchTests;
				PRODUCT_NAME = "$(TARGET_NAME)";
				TARGETED_DEVICE_FAMILY = "1,2";
				TEST_HOST = "$(BUILT_PRODUCTS_DIR)/Dispatch.app/Dispatch";
			};
			name = Debug;
		};
		188EC77920663E5200A7FB3B /* Release */ = {
			isa = XCBuildConfiguration;
			buildSettings = {
				BUNDLE_LOADER = "$(TEST_HOST)";
				CODE_SIGN_STYLE = Automatic;
				INFOPLIST_FILE = DispatchTests/Info.plist;
				LD_RUNPATH_SEARCH_PATHS = "$(inherited) @executable_path/Frameworks @loader_path/Frameworks";
				PRODUCT_BUNDLE_IDENTIFIER = YuNuo.DispatchTests;
				PRODUCT_NAME = "$(TARGET_NAME)";
				TARGETED_DEVICE_FAMILY = "1,2";
				TEST_HOST = "$(BUILT_PRODUCTS_DIR)/Dispatch.app/Dispatch";
			};
			name = Release;
		};
		188EC77B20663E5200A7FB3B /* Debug */ = {
			isa = XCBuildConfiguration;
			buildSettings = {
				CODE_SIGN_STYLE = Automatic;
				INFOPLIST_FILE = DispatchUITests/Info.plist;
				LD_RUNPATH_SEARCH_PATHS = "$(inherited) @executable_path/Frameworks @loader_path/Frameworks";
				PRODUCT_BUNDLE_IDENTIFIER = YuNuo.DispatchUITests;
				PRODUCT_NAME = "$(TARGET_NAME)";
				TARGETED_DEVICE_FAMILY = "1,2";
				TEST_TARGET_NAME = Dispatch;
			};
			name = Debug;
		};
		188EC77C20663E5200A7FB3B /* Release */ = {
			isa = XCBuildConfiguration;
			buildSettings = {
				CODE_SIGN_STYLE = Automatic;
				INFOPLIST_FILE = DispatchUITests/Info.plist;
				LD_RUNPATH_SEARCH_PATHS = "$(inherited) @executable_path/Frameworks @loader_path/Frameworks";
				PRODUCT_BUNDLE_IDENTIFIER = YuNuo.DispatchUITests;
				PRODUCT_NAME = "$(TARGET_NAME)";
				TARGETED_DEVICE_FAMILY = "1,2";
				TEST_TARGET_NAME = Dispatch;
			};
			name = Release;
		};
/* End XCBuildConfiguration section */

/* Begin XCConfigurationList section */
		188EC74320663E5100A7FB3B /* Build configuration list for PBXProject "Dispatch" */ = {
			isa = XCConfigurationList;
			buildConfigurations = (
				188EC77220663E5200A7FB3B /* Debug */,
				188EC77320663E5200A7FB3B /* Release */,
			);
			defaultConfigurationIsVisible = 0;
			defaultConfigurationName = Release;
		};
		188EC77420663E5200A7FB3B /* Build configuration list for PBXNativeTarget "Dispatch" */ = {
			isa = XCConfigurationList;
			buildConfigurations = (
				188EC77520663E5200A7FB3B /* Debug */,
				188EC77620663E5200A7FB3B /* Release */,
			);
			defaultConfigurationIsVisible = 0;
			defaultConfigurationName = Release;
		};
		188EC77720663E5200A7FB3B /* Build configuration list for PBXNativeTarget "DispatchTests" */ = {
			isa = XCConfigurationList;
			buildConfigurations = (
				188EC77820663E5200A7FB3B /* Debug */,
				188EC77920663E5200A7FB3B /* Release */,
			);
			defaultConfigurationIsVisible = 0;
			defaultConfigurationName = Release;
		};
		188EC77A20663E5200A7FB3B /* Build configuration list for PBXNativeTarget "DispatchUITests" */ = {
			isa = XCConfigurationList;
			buildConfigurations = (
				188EC77B20663E5200A7FB3B /* Debug */,
				188EC77C20663E5200A7FB3B /* Release */,
			);
			defaultConfigurationIsVisible = 0;
			defaultConfigurationName = Release;
		};
/* End XCConfigurationList section */
	};
	rootObject = 188EC74020663E5100A7FB3B /* Project object */;
}
