// !$*UTF8*$!
{
	archiveVersion = 1;
	classes = {
	};
	objectVersion = 48;
	objects = {

/* Begin PBXBuildFile section */
		187B0FBB204C3A5F006E6CAB /* AppDelegate.m in Sources */ = {isa = PBXBuildFile; fileRef = 187B0FBA204C3A5F006E6CAB /* AppDelegate.m */; };
		187B0FBE204C3A5F006E6CAB /* ViewController.m in Sources */ = {isa = PBXBuildFile; fileRef = 187B0FBD204C3A5F006E6CAB /* ViewController.m */; };
		187B0FC1204C3A5F006E6CAB /* Main.storyboard in Resources */ = {isa = PBXBuildFile; fileRef = 187B0FBF204C3A5F006E6CAB /* Main.storyboard */; };
		187B0FC3204C3A5F006E6CAB /* Assets.xcassets in Resources */ = {isa = PBXBuildFile; fileRef = 187B0FC2204C3A5F006E6CAB /* Assets.xcassets */; };
		187B0FC6204C3A5F006E6CAB /* LaunchScreen.storyboard in Resources */ = {isa = PBXBuildFile; fileRef = 187B0FC4204C3A5F006E6CAB /* LaunchScreen.storyboard */; };
		187B0FC9204C3A5F006E6CAB /* main.m in Sources */ = {isa = PBXBuildFile; fileRef = 187B0FC8204C3A5F006E6CAB /* main.m */; };
		187B0FD3204C3A5F006E6CAB /* _0067UITabelViewTests.m in Sources */ = {isa = PBXBuildFile; fileRef = 187B0FD2204C3A5F006E6CAB /* _0067UITabelViewTests.m */; };
		187B0FDE204C3A5F006E6CAB /* _0067UITabelViewUITests.m in Sources */ = {isa = PBXBuildFile; fileRef = 187B0FDD204C3A5F006E6CAB /* _0067UITabelViewUITests.m */; };
		187B0FED2050FA96006E6CAB /* WiewViewController.m in Sources */ = {isa = PBXBuildFile; fileRef = 187B0FEC2050FA96006E6CAB /* WiewViewController.m */; };
		188EC73B2052D3DE00A7FB3B /* CarGroup.m in Sources */ = {isa = PBXBuildFile; fileRef = 188EC7392052D3D400A7FB3B /* CarGroup.m */; };
/* End PBXBuildFile section */

/* Begin PBXContainerItemProxy section */
		187B0FCF204C3A5F006E6CAB /* PBXContainerItemProxy */ = {
			isa = PBXContainerItemProxy;
			containerPortal = 187B0FAE204C3A5E006E6CAB /* Project object */;
			proxyType = 1;
			remoteGlobalIDString = 187B0FB5204C3A5F006E6CAB;
			remoteInfo = 00067UITabelView;
		};
		187B0FDA204C3A5F006E6CAB /* PBXContainerItemProxy */ = {
			isa = PBXContainerItemProxy;
			containerPortal = 187B0FAE204C3A5E006E6CAB /* Project object */;
			proxyType = 1;
			remoteGlobalIDString = 187B0FB5204C3A5F006E6CAB;
			remoteInfo = 00067UITabelView;
		};
/* End PBXContainerItemProxy section */

/* Begin PBXFileReference section */
		187B0FB6204C3A5F006E6CAB /* 00067UITabelView.app */ = {isa = PBXFileReference; explicitFileType = wrapper.application; includeInIndex = 0; path = 00067UITabelView.app; sourceTree = BUILT_PRODUCTS_DIR; };
		187B0FB9204C3A5F006E6CAB /* AppDelegate.h */ = {isa = PBXFileReference; lastKnownFileType = sourcecode.c.h; path = AppDelegate.h; sourceTree = "<group>"; };
		187B0FBA204C3A5F006E6CAB /* AppDelegate.m */ = {isa = PBXFileReference; lastKnownFileType = sourcecode.c.objc; path = AppDelegate.m; sourceTree = "<group>"; };
		187B0FBC204C3A5F006E6CAB /* ViewController.h */ = {isa = PBXFileReference; lastKnownFileType = sourcecode.c.h; path = ViewController.h; sourceTree = "<group>"; };
		187B0FBD204C3A5F006E6CAB /* ViewController.m */ = {isa = PBXFileReference; lastKnownFileType = sourcecode.c.objc; path = ViewController.m; sourceTree = "<group>"; };
		187B0FC0204C3A5F006E6CAB /* Base */ = {isa = PBXFileReference; lastKnownFileType = file.storyboard; name = Base; path = Base.lproj/Main.storyboard; sourceTree = "<group>"; };
		187B0FC2204C3A5F006E6CAB /* Assets.xcassets */ = {isa = PBXFileReference; lastKnownFileType = folder.assetcatalog; path = Assets.xcassets; sourceTree = "<group>"; };
		187B0FC5204C3A5F006E6CAB /* Base */ = {isa = PBXFileReference; lastKnownFileType = file.storyboard; name = Base; path = Base.lproj/LaunchScreen.storyboard; sourceTree = "<group>"; };
		187B0FC7204C3A5F006E6CAB /* Info.plist */ = {isa = PBXFileReference; lastKnownFileType = text.plist.xml; path = Info.plist; sourceTree = "<group>"; };
		187B0FC8204C3A5F006E6CAB /* main.m */ = {isa = PBXFileReference; lastKnownFileType = sourcecode.c.objc; path = main.m; sourceTree = "<group>"; };
		187B0FCE204C3A5F006E6CAB /* 00067UITabelViewTests.xctest */ = {isa = PBXFileReference; explicitFileType = wrapper.cfbundle; includeInIndex = 0; path = 00067UITabelViewTests.xctest; sourceTree = BUILT_PRODUCTS_DIR; };
		187B0FD2204C3A5F006E6CAB /* _0067UITabelViewTests.m */ = {isa = PBXFileReference; lastKnownFileType = sourcecode.c.objc; path = _0067UITabelViewTests.m; sourceTree = "<group>"; };
		187B0FD4204C3A5F006E6CAB /* Info.plist */ = {isa = PBXFileReference; lastKnownFileType = text.plist.xml; path = Info.plist; sourceTree = "<group>"; };
		187B0FD9204C3A5F006E6CAB /* 00067UITabelViewUITests.xctest */ = {isa = PBXFileReference; explicitFileType = wrapper.cfbundle; includeInIndex = 0; path = 00067UITabelViewUITests.xctest; sourceTree = BUILT_PRODUCTS_DIR; };
		187B0FDD204C3A5F006E6CAB /* _0067UITabelViewUITests.m */ = {isa = PBXFileReference; lastKnownFileType = sourcecode.c.objc; path = _0067UITabelViewUITests.m; sourceTree = "<group>"; };
		187B0FDF204C3A5F006E6CAB /* Info.plist */ = {isa = PBXFileReference; lastKnownFileType = text.plist.xml; path = Info.plist; sourceTree = "<group>"; };
		187B0FEB2050FA96006E6CAB /* WiewViewController.h */ = {isa = PBXFileReference; lastKnownFileType = sourcecode.c.h; path = WiewViewController.h; sourceTree = "<group>"; };
		187B0FEC2050FA96006E6CAB /* WiewViewController.m */ = {isa = PBXFileReference; lastKnownFileType = sourcecode.c.objc; path = WiewViewController.m; sourceTree = "<group>"; };
		188EC7382052D3D400A7FB3B /* CarGroup.h */ = {isa = PBXFileReference; lastKnownFileType = sourcecode.c.h; path = CarGroup.h; sourceTree = "<group>"; };
		188EC7392052D3D400A7FB3B /* CarGroup.m */ = {isa = PBXFileReference; lastKnownFileType = sourcecode.c.objc; path = CarGroup.m; sourceTree = "<group>"; };
/* End PBXFileReference section */

/* Begin PBXFrameworksBuildPhase section */
		187B0FB3204C3A5F006E6CAB /* Frameworks */ = {
			isa = PBXFrameworksBuildPhase;
			buildActionMask = 2147483647;
			files = (
			);
			runOnlyForDeploymentPostprocessing = 0;
		};
		187B0FCB204C3A5F006E6CAB /* Frameworks */ = {
			isa = PBXFrameworksBuildPhase;
			buildActionMask = 2147483647;
			files = (
			);
			runOnlyForDeploymentPostprocessing = 0;
		};
		187B0FD6204C3A5F006E6CAB /* Frameworks */ = {
			isa = PBXFrameworksBuildPhase;
			buildActionMask = 2147483647;
			files = (
			);
			runOnlyForDeploymentPostprocessing = 0;
		};
/* End PBXFrameworksBuildPhase section */

/* Begin PBXGroup section */
		187B0FAD204C3A5E006E6CAB = {
			isa = PBXGroup;
			children = (
				187B0FB8204C3A5F006E6CAB /* 00067UITabelView */,
				187B0FD1204C3A5F006E6CAB /* 00067UITabelViewTests */,
				187B0FDC204C3A5F006E6CAB /* 00067UITabelViewUITests */,
				187B0FB7204C3A5F006E6CAB /* Products */,
			);
			sourceTree = "<group>";
		};
		187B0FB7204C3A5F006E6CAB /* Products */ = {
			isa = PBXGroup;
			children = (
				187B0FB6204C3A5F006E6CAB /* 00067UITabelView.app */,
				187B0FCE204C3A5F006E6CAB /* 00067UITabelViewTests.xctest */,
				187B0FD9204C3A5F006E6CAB /* 00067UITabelViewUITests.xctest */,
			);
			name = Products;
			sourceTree = "<group>";
		};
		187B0FB8204C3A5F006E6CAB /* 00067UITabelView */ = {
			isa = PBXGroup;
			children = (
				187B0FB9204C3A5F006E6CAB /* AppDelegate.h */,
				187B0FBA204C3A5F006E6CAB /* AppDelegate.m */,
				187B0FBC204C3A5F006E6CAB /* ViewController.h */,
				187B0FBD204C3A5F006E6CAB /* ViewController.m */,
				187B0FBF204C3A5F006E6CAB /* Main.storyboard */,
				187B0FEB2050FA96006E6CAB /* WiewViewController.h */,
				187B0FEC2050FA96006E6CAB /* WiewViewController.m */,
				187B0FC2204C3A5F006E6CAB /* Assets.xcassets */,
				187B0FC4204C3A5F006E6CAB /* LaunchScreen.storyboard */,
				187B0FC7204C3A5F006E6CAB /* Info.plist */,
				187B0FC8204C3A5F006E6CAB /* main.m */,
				188EC7382052D3D400A7FB3B /* CarGroup.h */,
				188EC7392052D3D400A7FB3B /* CarGroup.m */,
			);
			path = 00067UITabelView;
			sourceTree = "<group>";
		};
		187B0FD1204C3A5F006E6CAB /* 00067UITabelViewTests */ = {
			isa = PBXGroup;
			children = (
				187B0FD2204C3A5F006E6CAB /* _0067UITabelViewTests.m */,
				187B0FD4204C3A5F006E6CAB /* Info.plist */,
			);
			path = 00067UITabelViewTests;
			sourceTree = "<group>";
		};
		187B0FDC204C3A5F006E6CAB /* 00067UITabelViewUITests */ = {
			isa = PBXGroup;
			children = (
				187B0FDD204C3A5F006E6CAB /* _0067UITabelViewUITests.m */,
				187B0FDF204C3A5F006E6CAB /* Info.plist */,
			);
			path = 00067UITabelViewUITests;
			sourceTree = "<group>";
		};
/* End PBXGroup section */

/* Begin PBXNativeTarget section */
		187B0FB5204C3A5F006E6CAB /* 00067UITabelView */ = {
			isa = PBXNativeTarget;
			buildConfigurationList = 187B0FE2204C3A5F006E6CAB /* Build configuration list for PBXNativeTarget "00067UITabelView" */;
			buildPhases = (
				187B0FB2204C3A5F006E6CAB /* Sources */,
				187B0FB3204C3A5F006E6CAB /* Frameworks */,
				187B0FB4204C3A5F006E6CAB /* Resources */,
			);
			buildRules = (
			);
			dependencies = (
			);
			name = 00067UITabelView;
			productName = 00067UITabelView;
			productReference = 187B0FB6204C3A5F006E6CAB /* 00067UITabelView.app */;
			productType = "com.apple.product-type.application";
		};
		187B0FCD204C3A5F006E6CAB /* 00067UITabelViewTests */ = {
			isa = PBXNativeTarget;
			buildConfigurationList = 187B0FE5204C3A5F006E6CAB /* Build configuration list for PBXNativeTarget "00067UITabelViewTests" */;
			buildPhases = (
				187B0FCA204C3A5F006E6CAB /* Sources */,
				187B0FCB204C3A5F006E6CAB /* Frameworks */,
				187B0FCC204C3A5F006E6CAB /* Resources */,
			);
			buildRules = (
			);
			dependencies = (
				187B0FD0204C3A5F006E6CAB /* PBXTargetDependency */,
			);
			name = 00067UITabelViewTests;
			productName = 00067UITabelViewTests;
			productReference = 187B0FCE204C3A5F006E6CAB /* 00067UITabelViewTests.xctest */;
			productType = "com.apple.product-type.bundle.unit-test";
		};
		187B0FD8204C3A5F006E6CAB /* 00067UITabelViewUITests */ = {
			isa = PBXNativeTarget;
			buildConfigurationList = 187B0FE8204C3A5F006E6CAB /* Build configuration list for PBXNativeTarget "00067UITabelViewUITests" */;
			buildPhases = (
				187B0FD5204C3A5F006E6CAB /* Sources */,
				187B0FD6204C3A5F006E6CAB /* Frameworks */,
				187B0FD7204C3A5F006E6CAB /* Resources */,
			);
			buildRules = (
			);
			dependencies = (
				187B0FDB204C3A5F006E6CAB /* PBXTargetDependency */,
			);
			name = 00067UITabelViewUITests;
			productName = 00067UITabelViewUITests;
			productReference = 187B0FD9204C3A5F006E6CAB /* 00067UITabelViewUITests.xctest */;
			productType = "com.apple.product-type.bundle.ui-testing";
		};
/* End PBXNativeTarget section */

/* Begin PBXProject section */
		187B0FAE204C3A5E006E6CAB /* Project object */ = {
			isa = PBXProject;
			attributes = {
				LastUpgradeCheck = 0900;
				ORGANIZATIONNAME = YuNuo;
				TargetAttributes = {
					187B0FB5204C3A5F006E6CAB = {
						CreatedOnToolsVersion = 9.0;
						ProvisioningStyle = Automatic;
					};
					187B0FCD204C3A5F006E6CAB = {
						CreatedOnToolsVersion = 9.0;
						ProvisioningStyle = Automatic;
						TestTargetID = 187B0FB5204C3A5F006E6CAB;
					};
					187B0FD8204C3A5F006E6CAB = {
						CreatedOnToolsVersion = 9.0;
						ProvisioningStyle = Automatic;
						TestTargetID = 187B0FB5204C3A5F006E6CAB;
					};
				};
			};
			buildConfigurationList = 187B0FB1204C3A5E006E6CAB /* Build configuration list for PBXProject "00067UITabelView" */;
			compatibilityVersion = "Xcode 8.0";
			developmentRegion = en;
			hasScannedForEncodings = 0;
			knownRegions = (
				en,
				Base,
			);
			mainGroup = 187B0FAD204C3A5E006E6CAB;
			productRefGroup = 187B0FB7204C3A5F006E6CAB /* Products */;
			projectDirPath = "";
			projectRoot = "";
			targets = (
				187B0FB5204C3A5F006E6CAB /* 00067UITabelView */,
				187B0FCD204C3A5F006E6CAB /* 00067UITabelViewTests */,
				187B0FD8204C3A5F006E6CAB /* 00067UITabelViewUITests */,
			);
		};
/* End PBXProject section */

/* Begin PBXResourcesBuildPhase section */
		187B0FB4204C3A5F006E6CAB /* Resources */ = {
			isa = PBXResourcesBuildPhase;
			buildActionMask = 2147483647;
			files = (
				187B0FC6204C3A5F006E6CAB /* LaunchScreen.storyboard in Resources */,
				187B0FC3204C3A5F006E6CAB /* Assets.xcassets in Resources */,
				187B0FC1204C3A5F006E6CAB /* Main.storyboard in Resources */,
			);
			runOnlyForDeploymentPostprocessing = 0;
		};
		187B0FCC204C3A5F006E6CAB /* Resources */ = {
			isa = PBXResourcesBuildPhase;
			buildActionMask = 2147483647;
			files = (
			);
			runOnlyForDeploymentPostprocessing = 0;
		};
		187B0FD7204C3A5F006E6CAB /* Resources */ = {
			isa = PBXResourcesBuildPhase;
			buildActionMask = 2147483647;
			files = (
			);
			runOnlyForDeploymentPostprocessing = 0;
		};
/* End PBXResourcesBuildPhase section */

/* Begin PBXSourcesBuildPhase section */
		187B0FB2204C3A5F006E6CAB /* Sources */ = {
			isa = PBXSourcesBuildPhase;
			buildActionMask = 2147483647;
			files = (
				187B0FBE204C3A5F006E6CAB /* ViewController.m in Sources */,
				187B0FC9204C3A5F006E6CAB /* main.m in Sources */,
				188EC73B2052D3DE00A7FB3B /* CarGroup.m in Sources */,
				187B0FED2050FA96006E6CAB /* WiewViewController.m in Sources */,
				187B0FBB204C3A5F006E6CAB /* AppDelegate.m in Sources */,
			);
			runOnlyForDeploymentPostprocessing = 0;
		};
		187B0FCA204C3A5F006E6CAB /* Sources */ = {
			isa = PBXSourcesBuildPhase;
			buildActionMask = 2147483647;
			files = (
				187B0FD3204C3A5F006E6CAB /* _0067UITabelViewTests.m in Sources */,
			);
			runOnlyForDeploymentPostprocessing = 0;
		};
		187B0FD5204C3A5F006E6CAB /* Sources */ = {
			isa = PBXSourcesBuildPhase;
			buildActionMask = 2147483647;
			files = (
				187B0FDE204C3A5F006E6CAB /* _0067UITabelViewUITests.m in Sources */,
			);
			runOnlyForDeploymentPostprocessing = 0;
		};
/* End PBXSourcesBuildPhase section */

/* Begin PBXTargetDependency section */
		187B0FD0204C3A5F006E6CAB /* PBXTargetDependency */ = {
			isa = PBXTargetDependency;
			target = 187B0FB5204C3A5F006E6CAB /* 00067UITabelView */;
			targetProxy = 187B0FCF204C3A5F006E6CAB /* PBXContainerItemProxy */;
		};
		187B0FDB204C3A5F006E6CAB /* PBXTargetDependency */ = {
			isa = PBXTargetDependency;
			target = 187B0FB5204C3A5F006E6CAB /* 00067UITabelView */;
			targetProxy = 187B0FDA204C3A5F006E6CAB /* PBXContainerItemProxy */;
		};
/* End PBXTargetDependency section */

/* Begin PBXVariantGroup section */
		187B0FBF204C3A5F006E6CAB /* Main.storyboard */ = {
			isa = PBXVariantGroup;
			children = (
				187B0FC0204C3A5F006E6CAB /* Base */,
			);
			name = Main.storyboard;
			sourceTree = "<group>";
		};
		187B0FC4204C3A5F006E6CAB /* LaunchScreen.storyboard */ = {
			isa = PBXVariantGroup;
			children = (
				187B0FC5204C3A5F006E6CAB /* Base */,
			);
			name = LaunchScreen.storyboard;
			sourceTree = "<group>";
		};
/* End PBXVariantGroup section */

/* Begin XCBuildConfiguration section */
		187B0FE0204C3A5F006E6CAB /* Debug */ = {
			isa = XCBuildConfiguration;
			buildSettings = {
				ALWAYS_SEARCH_USER_PATHS = NO;
				CLANG_ANALYZER_NONNULL = YES;
				CLANG_ANALYZER_NUMBER_OBJECT_CONVERSION = YES_AGGRESSIVE;
				CLANG_CXX_LANGUAGE_STANDARD = "gnu++14";
				CLANG_CXX_LIBRARY = "libc++";
				CLANG_ENABLE_MODULES = YES;
				CLANG_ENABLE_OBJC_ARC = YES;
				CLANG_WARN_BLOCK_CAPTURE_AUTORELEASING = YES;
				CLANG_WARN_BOOL_CONVERSION = YES;
				CLANG_WARN_COMMA = YES;
				CLANG_WARN_CONSTANT_CONVERSION = YES;
				CLANG_WARN_DIRECT_OBJC_ISA_USAGE = YES_ERROR;
				CLANG_WARN_DOCUMENTATION_COMMENTS = YES;
				CLANG_WARN_EMPTY_BODY = YES;
				CLANG_WARN_ENUM_CONVERSION = YES;
				CLANG_WARN_INFINITE_RECURSION = YES;
				CLANG_WARN_INT_CONVERSION = YES;
				CLANG_WARN_NON_LITERAL_NULL_CONVERSION = YES;
				CLANG_WARN_OBJC_LITERAL_CONVERSION = YES;
				CLANG_WARN_OBJC_ROOT_CLASS = YES_ERROR;
				CLANG_WARN_RANGE_LOOP_ANALYSIS = YES;
				CLANG_WARN_STRICT_PROTOTYPES = YES;
				CLANG_WARN_SUSPICIOUS_MOVE = YES;
				CLANG_WARN_UNGUARDED_AVAILABILITY = YES_AGGRESSIVE;
				CLANG_WARN_UNREACHABLE_CODE = YES;
				CLANG_WARN__DUPLICATE_METHOD_MATCH = YES;
				CODE_SIGN_IDENTITY = "iPhone Developer";
				COPY_PHASE_STRIP = NO;
				DEBUG_INFORMATION_FORMAT = dwarf;
				ENABLE_STRICT_OBJC_MSGSEND = YES;
				ENABLE_TESTABILITY = YES;
				GCC_C_LANGUAGE_STANDARD = gnu11;
				GCC_DYNAMIC_NO_PIC = NO;
				GCC_NO_COMMON_BLOCKS = YES;
				GCC_OPTIMIZATION_LEVEL = 0;
				GCC_PREPROCESSOR_DEFINITIONS = (
					"DEBUG=1",
					"$(inherited)",
				);
				GCC_WARN_64_TO_32_BIT_CONVERSION = YES;
				GCC_WARN_ABOUT_RETURN_TYPE = YES_ERROR;
				GCC_WARN_UNDECLARED_SELECTOR = YES;
				GCC_WARN_UNINITIALIZED_AUTOS = YES_AGGRESSIVE;
				GCC_WARN_UNUSED_FUNCTION = YES;
				GCC_WARN_UNUSED_VARIABLE = YES;
				IPHONEOS_DEPLOYMENT_TARGET = 11.0;
				MTL_ENABLE_DEBUG_INFO = YES;
				ONLY_ACTIVE_ARCH = YES;
				SDKROOT = iphoneos;
			};
			name = Debug;
		};
		187B0FE1204C3A5F006E6CAB /* Release */ = {
			isa = XCBuildConfiguration;
			buildSettings = {
				ALWAYS_SEARCH_USER_PATHS = NO;
				CLANG_ANALYZER_NONNULL = YES;
				CLANG_ANALYZER_NUMBER_OBJECT_CONVERSION = YES_AGGRESSIVE;
				CLANG_CXX_LANGUAGE_STANDARD = "gnu++14";
				CLANG_CXX_LIBRARY = "libc++";
				CLANG_ENABLE_MODULES = YES;
				CLANG_ENABLE_OBJC_ARC = YES;
				CLANG_WARN_BLOCK_CAPTURE_AUTORELEASING = YES;
				CLANG_WARN_BOOL_CONVERSION = YES;
				CLANG_WARN_COMMA = YES;
				CLANG_WARN_CONSTANT_CONVERSION = YES;
				CLANG_WARN_DIRECT_OBJC_ISA_USAGE = YES_ERROR;
				CLANG_WARN_DOCUMENTATION_COMMENTS = YES;
				CLANG_WARN_EMPTY_BODY = YES;
				CLANG_WARN_ENUM_CONVERSION = YES;
				CLANG_WARN_INFINITE_RECURSION = YES;
				CLANG_WARN_INT_CONVERSION = YES;
				CLANG_WARN_NON_LITERAL_NULL_CONVERSION = YES;
				CLANG_WARN_OBJC_LITERAL_CONVERSION = YES;
				CLANG_WARN_OBJC_ROOT_CLASS = YES_ERROR;
				CLANG_WARN_RANGE_LOOP_ANALYSIS = YES;
				CLANG_WARN_STRICT_PROTOTYPES = YES;
				CLANG_WARN_SUSPICIOUS_MOVE = YES;
				CLANG_WARN_UNGUARDED_AVAILABILITY = YES_AGGRESSIVE;
				CLANG_WARN_UNREACHABLE_CODE = YES;
				CLANG_WARN__DUPLICATE_METHOD_MATCH = YES;
				CODE_SIGN_IDENTITY = "iPhone Developer";
				COPY_PHASE_STRIP = NO;
				DEBUG_INFORMATION_FORMAT = "dwarf-with-dsym";
				ENABLE_NS_ASSERTIONS = NO;
				ENABLE_STRICT_OBJC_MSGSEND = YES;
				GCC_C_LANGUAGE_STANDARD = gnu11;
				GCC_NO_COMMON_BLOCKS = YES;
				GCC_WARN_64_TO_32_BIT_CONVERSION = YES;
				GCC_WARN_ABOUT_RETURN_TYPE = YES_ERROR;
				GCC_WARN_UNDECLARED_SELECTOR = YES;
				GCC_WARN_UNINITIALIZED_AUTOS = YES_AGGRESSIVE;
				GCC_WARN_UNUSED_FUNCTION = YES;
				GCC_WARN_UNUSED_VARIABLE = YES;
				IPHONEOS_DEPLOYMENT_TARGET = 11.0;
				MTL_ENABLE_DEBUG_INFO = NO;
				SDKROOT = iphoneos;
				VALIDATE_PRODUCT = YES;
			};
			name = Release;
		};
		187B0FE3204C3A5F006E6CAB /* Debug */ = {
			isa = XCBuildConfiguration;
			buildSettings = {
				ASSETCATALOG_COMPILER_APPICON_NAME = AppIcon;
				CODE_SIGN_STYLE = Automatic;
				INFOPLIST_FILE = 00067UITabelView/Info.plist;
				LD_RUNPATH_SEARCH_PATHS = "$(inherited) @executable_path/Frameworks";
				PRODUCT_BUNDLE_IDENTIFIER = "YuNuo.-0067UITabelView";
				PRODUCT_NAME = "$(TARGET_NAME)";
				TARGETED_DEVICE_FAMILY = "1,2";
			};
			name = Debug;
		};
		187B0FE4204C3A5F006E6CAB /* Release */ = {
			isa = XCBuildConfiguration;
			buildSettings = {
				ASSETCATALOG_COMPILER_APPICON_NAME = AppIcon;
				CODE_SIGN_STYLE = Automatic;
				INFOPLIST_FILE = 00067UITabelView/Info.plist;
				LD_RUNPATH_SEARCH_PATHS = "$(inherited) @executable_path/Frameworks";
				PRODUCT_BUNDLE_IDENTIFIER = "YuNuo.-0067UITabelView";
				PRODUCT_NAME = "$(TARGET_NAME)";
				TARGETED_DEVICE_FAMILY = "1,2";
			};
			name = Release;
		};
		187B0FE6204C3A5F006E6CAB /* Debug */ = {
			isa = XCBuildConfiguration;
			buildSettings = {
				BUNDLE_LOADER = "$(TEST_HOST)";
				CODE_SIGN_STYLE = Automatic;
				INFOPLIST_FILE = 00067UITabelViewTests/Info.plist;
				LD_RUNPATH_SEARCH_PATHS = "$(inherited) @executable_path/Frameworks @loader_path/Frameworks";
				PRODUCT_BUNDLE_IDENTIFIER = "YuNuo.-0067UITabelViewTests";
				PRODUCT_NAME = "$(TARGET_NAME)";
				TARGETED_DEVICE_FAMILY = "1,2";
				TEST_HOST = "$(BUILT_PRODUCTS_DIR)/00067UITabelView.app/00067UITabelView";
			};
			name = Debug;
		};
		187B0FE7204C3A5F006E6CAB /* Release */ = {
			isa = XCBuildConfiguration;
			buildSettings = {
				BUNDLE_LOADER = "$(TEST_HOST)";
				CODE_SIGN_STYLE = Automatic;
				INFOPLIST_FILE = 00067UITabelViewTests/Info.plist;
				LD_RUNPATH_SEARCH_PATHS = "$(inherited) @executable_path/Frameworks @loader_path/Frameworks";
				PRODUCT_BUNDLE_IDENTIFIER = "YuNuo.-0067UITabelViewTests";
				PRODUCT_NAME = "$(TARGET_NAME)";
				TARGETED_DEVICE_FAMILY = "1,2";
				TEST_HOST = "$(BUILT_PRODUCTS_DIR)/00067UITabelView.app/00067UITabelView";
			};
			name = Release;
		};
		187B0FE9204C3A5F006E6CAB /* Debug */ = {
			isa = XCBuildConfiguration;
			buildSettings = {
				CODE_SIGN_STYLE = Automatic;
				INFOPLIST_FILE = 00067UITabelViewUITests/Info.plist;
				LD_RUNPATH_SEARCH_PATHS = "$(inherited) @executable_path/Frameworks @loader_path/Frameworks";
				PRODUCT_BUNDLE_IDENTIFIER = "YuNuo.-0067UITabelViewUITests";
				PRODUCT_NAME = "$(TARGET_NAME)";
				TARGETED_DEVICE_FAMILY = "1,2";
				TEST_TARGET_NAME = 00067UITabelView;
			};
			name = Debug;
		};
		187B0FEA204C3A5F006E6CAB /* Release */ = {
			isa = XCBuildConfiguration;
			buildSettings = {
				CODE_SIGN_STYLE = Automatic;
				INFOPLIST_FILE = 00067UITabelViewUITests/Info.plist;
				LD_RUNPATH_SEARCH_PATHS = "$(inherited) @executable_path/Frameworks @loader_path/Frameworks";
				PRODUCT_BUNDLE_IDENTIFIER = "YuNuo.-0067UITabelViewUITests";
				PRODUCT_NAME = "$(TARGET_NAME)";
				TARGETED_DEVICE_FAMILY = "1,2";
				TEST_TARGET_NAME = 00067UITabelView;
			};
			name = Release;
		};
/* End XCBuildConfiguration section */

/* Begin XCConfigurationList section */
		187B0FB1204C3A5E006E6CAB /* Build configuration list for PBXProject "00067UITabelView" */ = {
			isa = XCConfigurationList;
			buildConfigurations = (
				187B0FE0204C3A5F006E6CAB /* Debug */,
				187B0FE1204C3A5F006E6CAB /* Release */,
			);
			defaultConfigurationIsVisible = 0;
			defaultConfigurationName = Release;
		};
		187B0FE2204C3A5F006E6CAB /* Build configuration list for PBXNativeTarget "00067UITabelView" */ = {
			isa = XCConfigurationList;
			buildConfigurations = (
				187B0FE3204C3A5F006E6CAB /* Debug */,
				187B0FE4204C3A5F006E6CAB /* Release */,
			);
			defaultConfigurationIsVisible = 0;
			defaultConfigurationName = Release;
		};
		187B0FE5204C3A5F006E6CAB /* Build configuration list for PBXNativeTarget "00067UITabelViewTests" */ = {
			isa = XCConfigurationList;
			buildConfigurations = (
				187B0FE6204C3A5F006E6CAB /* Debug */,
				187B0FE7204C3A5F006E6CAB /* Release */,
			);
			defaultConfigurationIsVisible = 0;
			defaultConfigurationName = Release;
		};
		187B0FE8204C3A5F006E6CAB /* Build configuration list for PBXNativeTarget "00067UITabelViewUITests" */ = {
			isa = XCConfigurationList;
			buildConfigurations = (
				187B0FE9204C3A5F006E6CAB /* Debug */,
				187B0FEA204C3A5F006E6CAB /* Release */,
			);
			defaultConfigurationIsVisible = 0;
			defaultConfigurationName = Release;
		};
/* End XCConfigurationList section */
	};
	rootObject = 187B0FAE204C3A5E006E6CAB /* Project object */;
}
